// !$*UTF8*$!
{
	archiveVersion = 1;
	classes = {
	};
	objectVersion = 56;
	objects = {

/* Begin PBXBuildFile section */
		AB4ABFD32A12BFBE0073BE6F /* AppDelegate.swift in Sources */ = {isa = PBXBuildFile; fileRef = AB4ABFD22A12BFBE0073BE6F /* AppDelegate.swift */; };
		AB4ABFD52A12BFBE0073BE6F /* SceneDelegate.swift in Sources */ = {isa = PBXBuildFile; fileRef = AB4ABFD42A12BFBE0073BE6F /* SceneDelegate.swift */; };
		AB4ABFD72A12BFBE0073BE6F /* ViewController.swift in Sources */ = {isa = PBXBuildFile; fileRef = AB4ABFD62A12BFBE0073BE6F /* ViewController.swift */; };
		AB4ABFDC2A12BFBF0073BE6F /* Assets.xcassets in Resources */ = {isa = PBXBuildFile; fileRef = AB4ABFDB2A12BFBF0073BE6F /* Assets.xcassets */; };
		AB4ABFEA2A12BFBF0073BE6F /* SpoonacularTests.swift in Sources */ = {isa = PBXBuildFile; fileRef = AB4ABFE92A12BFBF0073BE6F /* SpoonacularTests.swift */; };
		AB4ABFF42A12BFBF0073BE6F /* SpoonacularUITests.swift in Sources */ = {isa = PBXBuildFile; fileRef = AB4ABFF32A12BFBF0073BE6F /* SpoonacularUITests.swift */; };
		AB4ABFF62A12BFBF0073BE6F /* SpoonacularUITestsLaunchTests.swift in Sources */ = {isa = PBXBuildFile; fileRef = AB4ABFF52A12BFBF0073BE6F /* SpoonacularUITestsLaunchTests.swift */; };
/* End PBXBuildFile section */

/* Begin PBXContainerItemProxy section */
		AB4ABFE62A12BFBF0073BE6F /* PBXContainerItemProxy */ = {
			isa = PBXContainerItemProxy;
			containerPortal = AB4ABFC72A12BFBE0073BE6F /* Project object */;
			proxyType = 1;
			remoteGlobalIDString = AB4ABFCE2A12BFBE0073BE6F;
			remoteInfo = Spoonacular;
		};
		AB4ABFF02A12BFBF0073BE6F /* PBXContainerItemProxy */ = {
			isa = PBXContainerItemProxy;
			containerPortal = AB4ABFC72A12BFBE0073BE6F /* Project object */;
			proxyType = 1;
			remoteGlobalIDString = AB4ABFCE2A12BFBE0073BE6F;
			remoteInfo = Spoonacular;
		};
/* End PBXContainerItemProxy section */

/* Begin PBXFileReference section */
		AB4ABFCF2A12BFBE0073BE6F /* Spoonacular.app */ = {isa = PBXFileReference; explicitFileType = wrapper.application; includeInIndex = 0; path = Spoonacular.app; sourceTree = BUILT_PRODUCTS_DIR; };
		AB4ABFD22A12BFBE0073BE6F /* AppDelegate.swift */ = {isa = PBXFileReference; lastKnownFileType = sourcecode.swift; path = AppDelegate.swift; sourceTree = "<group>"; };
		AB4ABFD42A12BFBE0073BE6F /* SceneDelegate.swift */ = {isa = PBXFileReference; lastKnownFileType = sourcecode.swift; path = SceneDelegate.swift; sourceTree = "<group>"; };
		AB4ABFD62A12BFBE0073BE6F /* ViewController.swift */ = {isa = PBXFileReference; lastKnownFileType = sourcecode.swift; path = ViewController.swift; sourceTree = "<group>"; };
		AB4ABFDB2A12BFBF0073BE6F /* Assets.xcassets */ = {isa = PBXFileReference; lastKnownFileType = folder.assetcatalog; path = Assets.xcassets; sourceTree = "<group>"; };
		AB4ABFE02A12BFBF0073BE6F /* Info.plist */ = {isa = PBXFileReference; lastKnownFileType = text.plist.xml; path = Info.plist; sourceTree = "<group>"; };
		AB4ABFE52A12BFBF0073BE6F /* SpoonacularTests.xctest */ = {isa = PBXFileReference; explicitFileType = wrapper.cfbundle; includeInIndex = 0; path = SpoonacularTests.xctest; sourceTree = BUILT_PRODUCTS_DIR; };
		AB4ABFE92A12BFBF0073BE6F /* SpoonacularTests.swift */ = {isa = PBXFileReference; lastKnownFileType = sourcecode.swift; path = SpoonacularTests.swift; sourceTree = "<group>"; };
		AB4ABFEF2A12BFBF0073BE6F /* SpoonacularUITests.xctest */ = {isa = PBXFileReference; explicitFileType = wrapper.cfbundle; includeInIndex = 0; path = SpoonacularUITests.xctest; sourceTree = BUILT_PRODUCTS_DIR; };
		AB4ABFF32A12BFBF0073BE6F /* SpoonacularUITests.swift */ = {isa = PBXFileReference; lastKnownFileType = sourcecode.swift; path = SpoonacularUITests.swift; sourceTree = "<group>"; };
		AB4ABFF52A12BFBF0073BE6F /* SpoonacularUITestsLaunchTests.swift */ = {isa = PBXFileReference; lastKnownFileType = sourcecode.swift; path = SpoonacularUITestsLaunchTests.swift; sourceTree = "<group>"; };
/* End PBXFileReference section */

/* Begin PBXFrameworksBuildPhase section */
		AB4ABFCC2A12BFBE0073BE6F /* Frameworks */ = {
			isa = PBXFrameworksBuildPhase;
			buildActionMask = 2147483647;
			files = (
			);
			runOnlyForDeploymentPostprocessing = 0;
		};
		AB4ABFE22A12BFBF0073BE6F /* Frameworks */ = {
			isa = PBXFrameworksBuildPhase;
			buildActionMask = 2147483647;
			files = (
			);
			runOnlyForDeploymentPostprocessing = 0;
		};
		AB4ABFEC2A12BFBF0073BE6F /* Frameworks */ = {
			isa = PBXFrameworksBuildPhase;
			buildActionMask = 2147483647;
			files = (
			);
			runOnlyForDeploymentPostprocessing = 0;
		};
/* End PBXFrameworksBuildPhase section */

/* Begin PBXGroup section */
		AB4ABFC62A12BFBE0073BE6F = {
			isa = PBXGroup;
			children = (
				AB4ABFD12A12BFBE0073BE6F /* Spoonacular */,
				AB4ABFE82A12BFBF0073BE6F /* SpoonacularTests */,
				AB4ABFF22A12BFBF0073BE6F /* SpoonacularUITests */,
				AB4ABFD02A12BFBE0073BE6F /* Products */,
			);
			sourceTree = "<group>";
		};
		AB4ABFD02A12BFBE0073BE6F /* Products */ = {
			isa = PBXGroup;
			children = (
				AB4ABFCF2A12BFBE0073BE6F /* Spoonacular.app */,
				AB4ABFE52A12BFBF0073BE6F /* SpoonacularTests.xctest */,
				AB4ABFEF2A12BFBF0073BE6F /* SpoonacularUITests.xctest */,
			);
			name = Products;
			sourceTree = "<group>";
		};
		AB4ABFD12A12BFBE0073BE6F /* Spoonacular */ = {
			isa = PBXGroup;
			children = (
				AB4AC0042A12C28B0073BE6F /* App Delegate */,
				AB4ABFD62A12BFBE0073BE6F /* ViewController.swift */,
				AB4AC0032A12C2490073BE6F /* Resources */,
			);
			path = Spoonacular;
			sourceTree = "<group>";
		};
		AB4ABFE82A12BFBF0073BE6F /* SpoonacularTests */ = {
			isa = PBXGroup;
			children = (
				AB4ABFE92A12BFBF0073BE6F /* SpoonacularTests.swift */,
			);
			path = SpoonacularTests;
			sourceTree = "<group>";
		};
		AB4ABFF22A12BFBF0073BE6F /* SpoonacularUITests */ = {
			isa = PBXGroup;
			children = (
				AB4ABFF32A12BFBF0073BE6F /* SpoonacularUITests.swift */,
				AB4ABFF52A12BFBF0073BE6F /* SpoonacularUITestsLaunchTests.swift */,
			);
			path = SpoonacularUITests;
			sourceTree = "<group>";
		};
		AB4AC0032A12C2490073BE6F /* Resources */ = {
			isa = PBXGroup;
			children = (
				AB4ABFDB2A12BFBF0073BE6F /* Assets.xcassets */,
				AB4ABFE02A12BFBF0073BE6F /* Info.plist */,
			);
			path = Resources;
			sourceTree = "<group>";
		};
		AB4AC0042A12C28B0073BE6F /* App Delegate */ = {
			isa = PBXGroup;
			children = (
				AB4ABFD22A12BFBE0073BE6F /* AppDelegate.swift */,
				AB4ABFD42A12BFBE0073BE6F /* SceneDelegate.swift */,
			);
			path = "App Delegate";
			sourceTree = "<group>";
		};
/* End PBXGroup section */

/* Begin PBXNativeTarget section */
		AB4ABFCE2A12BFBE0073BE6F /* Spoonacular */ = {
			isa = PBXNativeTarget;
			buildConfigurationList = AB4ABFF92A12BFBF0073BE6F /* Build configuration list for PBXNativeTarget "Spoonacular" */;
			buildPhases = (
				AB4ABFCB2A12BFBE0073BE6F /* Sources */,
				AB4ABFCC2A12BFBE0073BE6F /* Frameworks */,
				AB4ABFCD2A12BFBE0073BE6F /* Resources */,
			);
			buildRules = (
			);
			dependencies = (
			);
			name = Spoonacular;
			productName = Spoonacular;
			productReference = AB4ABFCF2A12BFBE0073BE6F /* Spoonacular.app */;
			productType = "com.apple.product-type.application";
		};
		AB4ABFE42A12BFBF0073BE6F /* SpoonacularTests */ = {
			isa = PBXNativeTarget;
			buildConfigurationList = AB4ABFFC2A12BFBF0073BE6F /* Build configuration list for PBXNativeTarget "SpoonacularTests" */;
			buildPhases = (
				AB4ABFE12A12BFBF0073BE6F /* Sources */,
				AB4ABFE22A12BFBF0073BE6F /* Frameworks */,
				AB4ABFE32A12BFBF0073BE6F /* Resources */,
			);
			buildRules = (
			);
			dependencies = (
				AB4ABFE72A12BFBF0073BE6F /* PBXTargetDependency */,
			);
			name = SpoonacularTests;
			productName = SpoonacularTests;
			productReference = AB4ABFE52A12BFBF0073BE6F /* SpoonacularTests.xctest */;
			productType = "com.apple.product-type.bundle.unit-test";
		};
		AB4ABFEE2A12BFBF0073BE6F /* SpoonacularUITests */ = {
			isa = PBXNativeTarget;
			buildConfigurationList = AB4ABFFF2A12BFBF0073BE6F /* Build configuration list for PBXNativeTarget "SpoonacularUITests" */;
			buildPhases = (
				AB4ABFEB2A12BFBF0073BE6F /* Sources */,
				AB4ABFEC2A12BFBF0073BE6F /* Frameworks */,
				AB4ABFED2A12BFBF0073BE6F /* Resources */,
			);
			buildRules = (
			);
			dependencies = (
				AB4ABFF12A12BFBF0073BE6F /* PBXTargetDependency */,
			);
			name = SpoonacularUITests;
			productName = SpoonacularUITests;
			productReference = AB4ABFEF2A12BFBF0073BE6F /* SpoonacularUITests.xctest */;
			productType = "com.apple.product-type.bundle.ui-testing";
		};
/* End PBXNativeTarget section */

/* Begin PBXProject section */
		AB4ABFC72A12BFBE0073BE6F /* Project object */ = {
			isa = PBXProject;
			attributes = {
				BuildIndependentTargetsInParallel = 1;
				LastSwiftUpdateCheck = 1430;
				LastUpgradeCheck = 1430;
				TargetAttributes = {
					AB4ABFCE2A12BFBE0073BE6F = {
						CreatedOnToolsVersion = 14.3;
					};
					AB4ABFE42A12BFBF0073BE6F = {
						CreatedOnToolsVersion = 14.3;
						TestTargetID = AB4ABFCE2A12BFBE0073BE6F;
					};
					AB4ABFEE2A12BFBF0073BE6F = {
						CreatedOnToolsVersion = 14.3;
						TestTargetID = AB4ABFCE2A12BFBE0073BE6F;
					};
				};
			};
			buildConfigurationList = AB4ABFCA2A12BFBE0073BE6F /* Build configuration list for PBXProject "Spoonacular" */;
			compatibilityVersion = "Xcode 14.0";
			developmentRegion = en;
			hasScannedForEncodings = 0;
			knownRegions = (
				en,
				Base,
			);
			mainGroup = AB4ABFC62A12BFBE0073BE6F;
			productRefGroup = AB4ABFD02A12BFBE0073BE6F /* Products */;
			projectDirPath = "";
			projectRoot = "";
			targets = (
				AB4ABFCE2A12BFBE0073BE6F /* Spoonacular */,
				AB4ABFE42A12BFBF0073BE6F /* SpoonacularTests */,
				AB4ABFEE2A12BFBF0073BE6F /* SpoonacularUITests */,
			);
		};
/* End PBXProject section */

/* Begin PBXResourcesBuildPhase section */
		AB4ABFCD2A12BFBE0073BE6F /* Resources */ = {
			isa = PBXResourcesBuildPhase;
			buildActionMask = 2147483647;
			files = (
				AB4ABFDC2A12BFBF0073BE6F /* Assets.xcassets in Resources */,
			);
			runOnlyForDeploymentPostprocessing = 0;
		};
		AB4ABFE32A12BFBF0073BE6F /* Resources */ = {
			isa = PBXResourcesBuildPhase;
			buildActionMask = 2147483647;
			files = (
			);
			runOnlyForDeploymentPostprocessing = 0;
		};
		AB4ABFED2A12BFBF0073BE6F /* Resources */ = {
			isa = PBXResourcesBuildPhase;
			buildActionMask = 2147483647;
			files = (
			);
			runOnlyForDeploymentPostprocessing = 0;
		};
/* End PBXResourcesBuildPhase section */

/* Begin PBXSourcesBuildPhase section */
		AB4ABFCB2A12BFBE0073BE6F /* Sources */ = {
			isa = PBXSourcesBuildPhase;
			buildActionMask = 2147483647;
			files = (
				AB4ABFD72A12BFBE0073BE6F /* ViewController.swift in Sources */,
				AB4ABFD32A12BFBE0073BE6F /* AppDelegate.swift in Sources */,
				AB4ABFD52A12BFBE0073BE6F /* SceneDelegate.swift in Sources */,
			);
			runOnlyForDeploymentPostprocessing = 0;
		};
		AB4ABFE12A12BFBF0073BE6F /* Sources */ = {
			isa = PBXSourcesBuildPhase;
			buildActionMask = 2147483647;
			files = (
				AB4ABFEA2A12BFBF0073BE6F /* SpoonacularTests.swift in Sources */,
			);
			runOnlyForDeploymentPostprocessing = 0;
		};
		AB4ABFEB2A12BFBF0073BE6F /* Sources */ = {
			isa = PBXSourcesBuildPhase;
			buildActionMask = 2147483647;
			files = (
				AB4ABFF62A12BFBF0073BE6F /* SpoonacularUITestsLaunchTests.swift in Sources */,
				AB4ABFF42A12BFBF0073BE6F /* SpoonacularUITests.swift in Sources */,
			);
			runOnlyForDeploymentPostprocessing = 0;
		};
/* End PBXSourcesBuildPhase section */

/* Begin PBXTargetDependency section */
		AB4ABFE72A12BFBF0073BE6F /* PBXTargetDependency */ = {
			isa = PBXTargetDependency;
			target = AB4ABFCE2A12BFBE0073BE6F /* Spoonacular */;
			targetProxy = AB4ABFE62A12BFBF0073BE6F /* PBXContainerItemProxy */;
		};
		AB4ABFF12A12BFBF0073BE6F /* PBXTargetDependency */ = {
			isa = PBXTargetDependency;
			target = AB4ABFCE2A12BFBE0073BE6F /* Spoonacular */;
			targetProxy = AB4ABFF02A12BFBF0073BE6F /* PBXContainerItemProxy */;
		};
/* End PBXTargetDependency section */

/* Begin XCBuildConfiguration section */
		AB4ABFF72A12BFBF0073BE6F /* Debug */ = {
			isa = XCBuildConfiguration;
			buildSettings = {
				ALWAYS_SEARCH_USER_PATHS = NO;
				CLANG_ANALYZER_NONNULL = YES;
				CLANG_ANALYZER_NUMBER_OBJECT_CONVERSION = YES_AGGRESSIVE;
				CLANG_CXX_LANGUAGE_STANDARD = "gnu++20";
				CLANG_ENABLE_MODULES = YES;
				CLANG_ENABLE_OBJC_ARC = YES;
				CLANG_ENABLE_OBJC_WEAK = YES;
				CLANG_WARN_BLOCK_CAPTURE_AUTORELEASING = YES;
				CLANG_WARN_BOOL_CONVERSION = YES;
				CLANG_WARN_COMMA = YES;
				CLANG_WARN_CONSTANT_CONVERSION = YES;
				CLANG_WARN_DEPRECATED_OBJC_IMPLEMENTATIONS = YES;
				CLANG_WARN_DIRECT_OBJC_ISA_USAGE = YES_ERROR;
				CLANG_WARN_DOCUMENTATION_COMMENTS = YES;
				CLANG_WARN_EMPTY_BODY = YES;
				CLANG_WARN_ENUM_CONVERSION = YES;
				CLANG_WARN_INFINITE_RECURSION = YES;
				CLANG_WARN_INT_CONVERSION = YES;
				CLANG_WARN_NON_LITERAL_NULL_CONVERSION = YES;
				CLANG_WARN_OBJC_IMPLICIT_RETAIN_SELF = YES;
				CLANG_WARN_OBJC_LITERAL_CONVERSION = YES;
				CLANG_WARN_OBJC_ROOT_CLASS = YES_ERROR;
				CLANG_WARN_QUOTED_INCLUDE_IN_FRAMEWORK_HEADER = YES;
				CLANG_WARN_RANGE_LOOP_ANALYSIS = YES;
				CLANG_WARN_STRICT_PROTOTYPES = YES;
				CLANG_WARN_SUSPICIOUS_MOVE = YES;
				CLANG_WARN_UNGUARDED_AVAILABILITY = YES_AGGRESSIVE;
				CLANG_WARN_UNREACHABLE_CODE = YES;
				CLANG_WARN__DUPLICATE_METHOD_MATCH = YES;
				COPY_PHASE_STRIP = NO;
				DEBUG_INFORMATION_FORMAT = dwarf;
				ENABLE_STRICT_OBJC_MSGSEND = YES;
				ENABLE_TESTABILITY = YES;
				GCC_C_LANGUAGE_STANDARD = gnu11;
				GCC_DYNAMIC_NO_PIC = NO;
				GCC_NO_COMMON_BLOCKS = YES;
				GCC_OPTIMIZATION_LEVEL = 0;
				GCC_PREPROCESSOR_DEFINITIONS = (
					"DEBUG=1",
					"$(inherited)",
				);
				GCC_WARN_64_TO_32_BIT_CONVERSION = YES;
				GCC_WARN_ABOUT_RETURN_TYPE = YES_ERROR;
				GCC_WARN_UNDECLARED_SELECTOR = YES;
				GCC_WARN_UNINITIALIZED_AUTOS = YES_AGGRESSIVE;
				GCC_WARN_UNUSED_FUNCTION = YES;
				GCC_WARN_UNUSED_VARIABLE = YES;
				IPHONEOS_DEPLOYMENT_TARGET = 16.4;
				MTL_ENABLE_DEBUG_INFO = INCLUDE_SOURCE;
				MTL_FAST_MATH = YES;
				ONLY_ACTIVE_ARCH = YES;
				SDKROOT = iphoneos;
				SWIFT_ACTIVE_COMPILATION_CONDITIONS = DEBUG;
				SWIFT_OPTIMIZATION_LEVEL = "-Onone";
			};
			name = Debug;
		};
		AB4ABFF82A12BFBF0073BE6F /* Release */ = {
			isa = XCBuildConfiguration;
			buildSettings = {
				ALWAYS_SEARCH_USER_PATHS = NO;
				CLANG_ANALYZER_NONNULL = YES;
				CLANG_ANALYZER_NUMBER_OBJECT_CONVERSION = YES_AGGRESSIVE;
				CLANG_CXX_LANGUAGE_STANDARD = "gnu++20";
				CLANG_ENABLE_MODULES = YES;
				CLANG_ENABLE_OBJC_ARC = YES;
				CLANG_ENABLE_OBJC_WEAK = YES;
				CLANG_WARN_BLOCK_CAPTURE_AUTORELEASING = YES;
				CLANG_WARN_BOOL_CONVERSION = YES;
				CLANG_WARN_COMMA = YES;
				CLANG_WARN_CONSTANT_CONVERSION = YES;
				CLANG_WARN_DEPRECATED_OBJC_IMPLEMENTATIONS = YES;
				CLANG_WARN_DIRECT_OBJC_ISA_USAGE = YES_ERROR;
				CLANG_WARN_DOCUMENTATION_COMMENTS = YES;
				CLANG_WARN_EMPTY_BODY = YES;
				CLANG_WARN_ENUM_CONVERSION = YES;
				CLANG_WARN_INFINITE_RECURSION = YES;
				CLANG_WARN_INT_CONVERSION = YES;
				CLANG_WARN_NON_LITERAL_NULL_CONVERSION = YES;
				CLANG_WARN_OBJC_IMPLICIT_RETAIN_SELF = YES;
				CLANG_WARN_OBJC_LITERAL_CONVERSION = YES;
				CLANG_WARN_OBJC_ROOT_CLASS = YES_ERROR;
				CLANG_WARN_QUOTED_INCLUDE_IN_FRAMEWORK_HEADER = YES;
				CLANG_WARN_RANGE_LOOP_ANALYSIS = YES;
				CLANG_WARN_STRICT_PROTOTYPES = YES;
				CLANG_WARN_SUSPICIOUS_MOVE = YES;
				CLANG_WARN_UNGUARDED_AVAILABILITY = YES_AGGRESSIVE;
				CLANG_WARN_UNREACHABLE_CODE = YES;
				CLANG_WARN__DUPLICATE_METHOD_MATCH = YES;
				COPY_PHASE_STRIP = NO;
				DEBUG_INFORMATION_FORMAT = "dwarf-with-dsym";
				ENABLE_NS_ASSERTIONS = NO;
				ENABLE_STRICT_OBJC_MSGSEND = YES;
				GCC_C_LANGUAGE_STANDARD = gnu11;
				GCC_NO_COMMON_BLOCKS = YES;
				GCC_WARN_64_TO_32_BIT_CONVERSION = YES;
				GCC_WARN_ABOUT_RETURN_TYPE = YES_ERROR;
				GCC_WARN_UNDECLARED_SELECTOR = YES;
				GCC_WARN_UNINITIALIZED_AUTOS = YES_AGGRESSIVE;
				GCC_WARN_UNUSED_FUNCTION = YES;
				GCC_WARN_UNUSED_VARIABLE = YES;
				IPHONEOS_DEPLOYMENT_TARGET = 16.4;
				MTL_ENABLE_DEBUG_INFO = NO;
				MTL_FAST_MATH = YES;
				SDKROOT = iphoneos;
				SWIFT_COMPILATION_MODE = wholemodule;
				SWIFT_OPTIMIZATION_LEVEL = "-O";
				VALIDATE_PRODUCT = YES;
			};
			name = Release;
		};
		AB4ABFFA2A12BFBF0073BE6F /* Debug */ = {
			isa = XCBuildConfiguration;
			buildSettings = {
				ASSETCATALOG_COMPILER_APPICON_NAME = AppIcon;
				ASSETCATALOG_COMPILER_GLOBAL_ACCENT_COLOR_NAME = AccentColor;
				CODE_SIGN_STYLE = Automatic;
				CURRENT_PROJECT_VERSION = 1;
				DEVELOPMENT_TEAM = U2HHD8L7L2;
				GENERATE_INFOPLIST_FILE = YES;
				INFOPLIST_FILE = Spoonacular/Resources/Info.plist;
				INFOPLIST_KEY_UIApplicationSupportsIndirectInputEvents = YES;
				INFOPLIST_KEY_UILaunchStoryboardName = LaunchScreen;
				INFOPLIST_KEY_UISupportedInterfaceOrientations = UIInterfaceOrientationPortrait;
				INFOPLIST_KEY_UISupportedInterfaceOrientations_iPad = "UIInterfaceOrientationLandscapeLeft UIInterfaceOrientationLandscapeRight UIInterfaceOrientationPortrait UIInterfaceOrientationPortraitUpsideDown";
				LD_RUNPATH_SEARCH_PATHS = (
					"$(inherited)",
					"@executable_path/Frameworks",
				);
				MARKETING_VERSION = 1.0;
				PRODUCT_BUNDLE_IDENTIFIER = co.gian.Spoonacular;
				PRODUCT_NAME = "$(TARGET_NAME)";
				SUPPORTED_PLATFORMS = "iphoneos iphonesimulator";
				SUPPORTS_MACCATALYST = NO;
				SUPPORTS_MAC_DESIGNED_FOR_IPHONE_IPAD = NO;
				SWIFT_EMIT_LOC_STRINGS = YES;
				SWIFT_VERSION = 5.0;
				TARGETED_DEVICE_FAMILY = "1,2";
			};
			name = Debug;
		};
		AB4ABFFB2A12BFBF0073BE6F /* Release */ = {
			isa = XCBuildConfiguration;
			buildSettings = {
				ASSETCATALOG_COMPILER_APPICON_NAME = AppIcon;
				ASSETCATALOG_COMPILER_GLOBAL_ACCENT_COLOR_NAME = AccentColor;
				CODE_SIGN_STYLE = Automatic;
				CURRENT_PROJECT_VERSION = 1;
				DEVELOPMENT_TEAM = U2HHD8L7L2;
				GENERATE_INFOPLIST_FILE = YES;
				INFOPLIST_FILE = Spoonacular/Resources/Info.plist;
				INFOPLIST_KEY_UIApplicationSupportsIndirectInputEvents = YES;
				INFOPLIST_KEY_UILaunchStoryboardName = LaunchScreen;
				INFOPLIST_KEY_UISupportedInterfaceOrientations = UIInterfaceOrientationPortrait;
				INFOPLIST_KEY_UISupportedInterfaceOrientations_iPad = "UIInterfaceOrientationLandscapeLeft UIInterfaceOrientationLandscapeRight UIInterfaceOrientationPortrait UIInterfaceOrientationPortraitUpsideDown";
				LD_RUNPATH_SEARCH_PATHS = (
					"$(inherited)",
					"@executable_path/Frameworks",
				);
				MARKETING_VERSION = 1.0;
				PRODUCT_BUNDLE_IDENTIFIER = co.gian.Spoonacular;
				PRODUCT_NAME = "$(TARGET_NAME)";
				SUPPORTED_PLATFORMS = "iphoneos iphonesimulator";
				SUPPORTS_MACCATALYST = NO;
				SUPPORTS_MAC_DESIGNED_FOR_IPHONE_IPAD = NO;
				SWIFT_EMIT_LOC_STRINGS = YES;
				SWIFT_VERSION = 5.0;
				TARGETED_DEVICE_FAMILY = "1,2";
			};
			name = Release;
		};
		AB4ABFFD2A12BFBF0073BE6F /* Debug */ = {
			isa = XCBuildConfiguration;
			buildSettings = {
				ALWAYS_EMBED_SWIFT_STANDARD_LIBRARIES = YES;
				BUNDLE_LOADER = "$(TEST_HOST)";
				CODE_SIGN_STYLE = Automatic;
				CURRENT_PROJECT_VERSION = 1;
				DEVELOPMENT_TEAM = U2HHD8L7L2;
				GENERATE_INFOPLIST_FILE = YES;
				IPHONEOS_DEPLOYMENT_TARGET = 16.4;
				MARKETING_VERSION = 1.0;
				PRODUCT_BUNDLE_IDENTIFIER = co.gian.SpoonacularTests;
				PRODUCT_NAME = "$(TARGET_NAME)";
				SWIFT_EMIT_LOC_STRINGS = NO;
				SWIFT_VERSION = 5.0;
				TARGETED_DEVICE_FAMILY = "1,2";
				TEST_HOST = "$(BUILT_PRODUCTS_DIR)/Spoonacular.app/$(BUNDLE_EXECUTABLE_FOLDER_PATH)/Spoonacular";
			};
			name = Debug;
		};
		AB4ABFFE2A12BFBF0073BE6F /* Release */ = {
			isa = XCBuildConfiguration;
			buildSettings = {
				ALWAYS_EMBED_SWIFT_STANDARD_LIBRARIES = YES;
				BUNDLE_LOADER = "$(TEST_HOST)";
				CODE_SIGN_STYLE = Automatic;
				CURRENT_PROJECT_VERSION = 1;
				DEVELOPMENT_TEAM = U2HHD8L7L2;
				GENERATE_INFOPLIST_FILE = YES;
				IPHONEOS_DEPLOYMENT_TARGET = 16.4;
				MARKETING_VERSION = 1.0;
				PRODUCT_BUNDLE_IDENTIFIER = co.gian.SpoonacularTests;
				PRODUCT_NAME = "$(TARGET_NAME)";
				SWIFT_EMIT_LOC_STRINGS = NO;
				SWIFT_VERSION = 5.0;
				TARGETED_DEVICE_FAMILY = "1,2";
				TEST_HOST = "$(BUILT_PRODUCTS_DIR)/Spoonacular.app/$(BUNDLE_EXECUTABLE_FOLDER_PATH)/Spoonacular";
			};
			name = Release;
		};
		AB4AC0002A12BFBF0073BE6F /* Debug */ = {
			isa = XCBuildConfiguration;
			buildSettings = {
				ALWAYS_EMBED_SWIFT_STANDARD_LIBRARIES = YES;
				CODE_SIGN_STYLE = Automatic;
				CURRENT_PROJECT_VERSION = 1;
				DEVELOPMENT_TEAM = U2HHD8L7L2;
				GENERATE_INFOPLIST_FILE = YES;
				MARKETING_VERSION = 1.0;
				PRODUCT_BUNDLE_IDENTIFIER = co.gian.SpoonacularUITests;
				PRODUCT_NAME = "$(TARGET_NAME)";
				SWIFT_EMIT_LOC_STRINGS = NO;
				SWIFT_VERSION = 5.0;
				TARGETED_DEVICE_FAMILY = "1,2";
				TEST_TARGET_NAME = Spoonacular;
			};
			name = Debug;
		};
		AB4AC0012A12BFBF0073BE6F /* Release */ = {
			isa = XCBuildConfiguration;
			buildSettings = {
				ALWAYS_EMBED_SWIFT_STANDARD_LIBRARIES = YES;
				CODE_SIGN_STYLE = Automatic;
				CURRENT_PROJECT_VERSION = 1;
				DEVELOPMENT_TEAM = U2HHD8L7L2;
				GENERATE_INFOPLIST_FILE = YES;
				MARKETING_VERSION = 1.0;
				PRODUCT_BUNDLE_IDENTIFIER = co.gian.SpoonacularUITests;
				PRODUCT_NAME = "$(TARGET_NAME)";
				SWIFT_EMIT_LOC_STRINGS = NO;
				SWIFT_VERSION = 5.0;
				TARGETED_DEVICE_FAMILY = "1,2";
				TEST_TARGET_NAME = Spoonacular;
			};
			name = Release;
		};
/* End XCBuildConfiguration section */

/* Begin XCConfigurationList section */
		AB4ABFCA2A12BFBE0073BE6F /* Build configuration list for PBXProject "Spoonacular" */ = {
			isa = XCConfigurationList;
			buildConfigurations = (
				AB4ABFF72A12BFBF0073BE6F /* Debug */,
				AB4ABFF82A12BFBF0073BE6F /* Release */,
			);
			defaultConfigurationIsVisible = 0;
			defaultConfigurationName = Release;
		};
		AB4ABFF92A12BFBF0073BE6F /* Build configuration list for PBXNativeTarget "Spoonacular" */ = {
			isa = XCConfigurationList;
			buildConfigurations = (
				AB4ABFFA2A12BFBF0073BE6F /* Debug */,
				AB4ABFFB2A12BFBF0073BE6F /* Release */,
			);
			defaultConfigurationIsVisible = 0;
			defaultConfigurationName = Release;
		};
		AB4ABFFC2A12BFBF0073BE6F /* Build configuration list for PBXNativeTarget "SpoonacularTests" */ = {
			isa = XCConfigurationList;
			buildConfigurations = (
				AB4ABFFD2A12BFBF0073BE6F /* Debug */,
				AB4ABFFE2A12BFBF0073BE6F /* Release */,
			);
			defaultConfigurationIsVisible = 0;
			defaultConfigurationName = Release;
		};
		AB4ABFFF2A12BFBF0073BE6F /* Build configuration list for PBXNativeTarget "SpoonacularUITests" */ = {
			isa = XCConfigurationList;
			buildConfigurations = (
				AB4AC0002A12BFBF0073BE6F /* Debug */,
				AB4AC0012A12BFBF0073BE6F /* Release */,
			);
			defaultConfigurationIsVisible = 0;
			defaultConfigurationName = Release;
		};
/* End XCConfigurationList section */
	};
	rootObject = AB4ABFC72A12BFBE0073BE6F /* Project object */;
}
