// !$*UTF8*$!
{
	archiveVersion = 1;
	classes = {
	};
	objectVersion = 56;
	objects = {

/* Begin PBXBuildFile section */
		AB4ABFD32A12BFBE0073BE6F /* AppDelegate.swift in Sources */ = {isa = PBXBuildFile; fileRef = AB4ABFD22A12BFBE0073BE6F /* AppDelegate.swift */; };
		AB4ABFD52A12BFBE0073BE6F /* SceneDelegate.swift in Sources */ = {isa = PBXBuildFile; fileRef = AB4ABFD42A12BFBE0073BE6F /* SceneDelegate.swift */; };
		AB4ABFD72A12BFBE0073BE6F /* ViewController.swift in Sources */ = {isa = PBXBuildFile; fileRef = AB4ABFD62A12BFBE0073BE6F /* ViewController.swift */; };
		AB4ABFDC2A12BFBF0073BE6F /* Assets.xcassets in Resources */ = {isa = PBXBuildFile; fileRef = AB4ABFDB2A12BFBF0073BE6F /* Assets.xcassets */; };
		AB4ABFEA2A12BFBF0073BE6F /* SpoonacularTests.swift in Sources */ = {isa = PBXBuildFile; fileRef = AB4ABFE92A12BFBF0073BE6F /* SpoonacularTests.swift */; };
		AB4ABFF42A12BFBF0073BE6F /* SpoonacularUITests.swift in Sources */ = {isa = PBXBuildFile; fileRef = AB4ABFF32A12BFBF0073BE6F /* SpoonacularUITests.swift */; };
		AB4ABFF62A12BFBF0073BE6F /* SpoonacularUITestsLaunchTests.swift in Sources */ = {isa = PBXBuildFile; fileRef = AB4ABFF52A12BFBF0073BE6F /* SpoonacularUITestsLaunchTests.swift */; };
		AB4AC0072A12C4090073BE6F /* NetworkingProvider.swift in Sources */ = {isa = PBXBuildFile; fileRef = AB4AC0062A12C4090073BE6F /* NetworkingProvider.swift */; };
		AB4AC0092A12C4160073BE6F /* RequestType.swift in Sources */ = {isa = PBXBuildFile; fileRef = AB4AC0082A12C4160073BE6F /* RequestType.swift */; };
		AB4AC00B2A12C4430073BE6F /* HTTPMethod.swift in Sources */ = {isa = PBXBuildFile; fileRef = AB4AC00A2A12C4430073BE6F /* HTTPMethod.swift */; };
		AB4AC00D2A12C4BD0073BE6F /* ConcreteNetworkingProvider.swift in Sources */ = {isa = PBXBuildFile; fileRef = AB4AC00C2A12C4BD0073BE6F /* ConcreteNetworkingProvider.swift */; };
		AB4AC00F2A12C4E40073BE6F /* RequestError.swift in Sources */ = {isa = PBXBuildFile; fileRef = AB4AC00E2A12C4E40073BE6F /* RequestError.swift */; };
		AB4AC0132A12C52A0073BE6F /* Logger.swift in Sources */ = {isa = PBXBuildFile; fileRef = AB4AC0122A12C52A0073BE6F /* Logger.swift */; };
		AB4AC0162A12C54A0073BE6F /* Dictionary+prettyPrintedJSONString.swift in Sources */ = {isa = PBXBuildFile; fileRef = AB4AC0152A12C54A0073BE6F /* Dictionary+prettyPrintedJSONString.swift */; };
		AB4AC0182A12C55A0073BE6F /* Data+prettyPrintedJSONString.swift in Sources */ = {isa = PBXBuildFile; fileRef = AB4AC0172A12C55A0073BE6F /* Data+prettyPrintedJSONString.swift */; };
		AB4AC01C2A12C90D0073BE6F /* SpoonacularAPI.swift in Sources */ = {isa = PBXBuildFile; fileRef = AB4AC01B2A12C90D0073BE6F /* SpoonacularAPI.swift */; };
		AB4AC0222A12CB4A0073BE6F /* SpoonacularAPITests.swift in Sources */ = {isa = PBXBuildFile; fileRef = AB4AC0212A12CB4A0073BE6F /* SpoonacularAPITests.swift */; };
		AB4AC0242A12CD380073BE6F /* SpoonacularAPI+Recipes.swift in Sources */ = {isa = PBXBuildFile; fileRef = AB4AC0232A12CD380073BE6F /* SpoonacularAPI+Recipes.swift */; };
		AB4AC0272A12CEC00073BE6F /* Stubs.xcassets in Resources */ = {isa = PBXBuildFile; fileRef = AB4AC0262A12CEC00073BE6F /* Stubs.xcassets */; };
		AB4AC02D2A12D0BD0073BE6F /* RecipesComplexSearchDTO.swift in Sources */ = {isa = PBXBuildFile; fileRef = AB4AC02C2A12D0BD0073BE6F /* RecipesComplexSearchDTO.swift */; };
		AB4AC0302A12D1D70073BE6F /* RecipesComplexSearchDTOTests.swift in Sources */ = {isa = PBXBuildFile; fileRef = AB4AC02F2A12D1D70073BE6F /* RecipesComplexSearchDTOTests.swift */; };
		AB4AC0342A12D2220073BE6F /* Helper.swift in Sources */ = {isa = PBXBuildFile; fileRef = AB4AC0332A12D2220073BE6F /* Helper.swift */; };
		AB4AC0362A12D24F0073BE6F /* Helper+DTOs.swift in Sources */ = {isa = PBXBuildFile; fileRef = AB4AC0352A12D24F0073BE6F /* Helper+DTOs.swift */; };
		AB4AC0382A12D2A10073BE6F /* Helper+Utils.swift in Sources */ = {isa = PBXBuildFile; fileRef = AB4AC0372A12D2A10073BE6F /* Helper+Utils.swift */; };
		AB4AC0412A12DDF50073BE6F /* RecipeListModel.swift in Sources */ = {isa = PBXBuildFile; fileRef = AB4AC0402A12DDF50073BE6F /* RecipeListModel.swift */; };
		AB4AC0432A12DEA10073BE6F /* RecipeModel.swift in Sources */ = {isa = PBXBuildFile; fileRef = AB4AC0422A12DEA10073BE6F /* RecipeModel.swift */; };
		AB4AC0492A12DF4B0073BE6F /* RecipeListModelTests.swift in Sources */ = {isa = PBXBuildFile; fileRef = AB4AC0482A12DF4B0073BE6F /* RecipeListModelTests.swift */; };
		AB4AC04B2A12DF910073BE6F /* Helper+Models.swift in Sources */ = {isa = PBXBuildFile; fileRef = AB4AC04A2A12DF910073BE6F /* Helper+Models.swift */; };
		AB4AC04F2A12E2780073BE6F /* RecipeRepository.swift in Sources */ = {isa = PBXBuildFile; fileRef = AB4AC04E2A12E2780073BE6F /* RecipeRepository.swift */; };
		AB4AC0542A12E3A90073BE6F /* MockRecipeRepository.swift in Sources */ = {isa = PBXBuildFile; fileRef = AB4AC0532A12E3A80073BE6F /* MockRecipeRepository.swift */; };
		AB4AC0572A12E47F0073BE6F /* AssociatedKeys.swift in Sources */ = {isa = PBXBuildFile; fileRef = AB4AC0562A12E47F0073BE6F /* AssociatedKeys.swift */; };
		AB4AC0592A12E48C0073BE6F /* Invocable.swift in Sources */ = {isa = PBXBuildFile; fileRef = AB4AC0582A12E48C0073BE6F /* Invocable.swift */; };
		AB4AC05B2A12E49A0073BE6F /* Stubbable.swift in Sources */ = {isa = PBXBuildFile; fileRef = AB4AC05A2A12E49A0073BE6F /* Stubbable.swift */; };
		AB4AC05D2A12E4A30073BE6F /* Mockable.swift in Sources */ = {isa = PBXBuildFile; fileRef = AB4AC05C2A12E4A30073BE6F /* Mockable.swift */; };
		AB4AC0632A12E6060073BE6F /* ConcreteRecipeRepository.swift in Sources */ = {isa = PBXBuildFile; fileRef = AB4AC0622A12E6060073BE6F /* ConcreteRecipeRepository.swift */; };
		AB4AC0662A12E6CD0073BE6F /* RecipeListModel+RecipesComplexSearchDTO.swift in Sources */ = {isa = PBXBuildFile; fileRef = AB4AC0652A12E6CD0073BE6F /* RecipeListModel+RecipesComplexSearchDTO.swift */; };
		AB4AC0682A12E73B0073BE6F /* RecipeModel+Result.swift in Sources */ = {isa = PBXBuildFile; fileRef = AB4AC0672A12E73B0073BE6F /* RecipeModel+Result.swift */; };
		AB4AC06E2A12EBAF0073BE6F /* ConcreteRecipeRepositoryTests.swift in Sources */ = {isa = PBXBuildFile; fileRef = AB4AC06D2A12EBAF0073BE6F /* ConcreteRecipeRepositoryTests.swift */; };
		AB4AC0712A12EC810073BE6F /* MockNetworkingProvider.swift in Sources */ = {isa = PBXBuildFile; fileRef = AB4AC0702A12EC810073BE6F /* MockNetworkingProvider.swift */; };
		AB4AC0742A12EF370073BE6F /* XCTestCase+XCTAssertThrowsAsyncError.swift in Sources */ = {isa = PBXBuildFile; fileRef = AB4AC0732A12EF370073BE6F /* XCTestCase+XCTAssertThrowsAsyncError.swift */; };
		AB4AC0782A12F25F0073BE6F /* FetchRecipeListWorker.swift in Sources */ = {isa = PBXBuildFile; fileRef = AB4AC0772A12F25F0073BE6F /* FetchRecipeListWorker.swift */; };
		AB4AC07B2A12F2B70073BE6F /* ConcreteFetchRecipeListWorker.swift in Sources */ = {isa = PBXBuildFile; fileRef = AB4AC07A2A12F2B70073BE6F /* ConcreteFetchRecipeListWorker.swift */; };
		AB4AC07F2A12F2DB0073BE6F /* MockFetchRecipeListWorker.swift in Sources */ = {isa = PBXBuildFile; fileRef = AB4AC07E2A12F2DB0073BE6F /* MockFetchRecipeListWorker.swift */; };
		AB4AC0832A12F4780073BE6F /* ConcreteFetchRecipeListWorkerTests.swift in Sources */ = {isa = PBXBuildFile; fileRef = AB4AC0822A12F4780073BE6F /* ConcreteFetchRecipeListWorkerTests.swift */; };
		AB4AC0862A12FBCF0073BE6F /* HTTPMethodTests.swift in Sources */ = {isa = PBXBuildFile; fileRef = AB4AC0852A12FBCF0073BE6F /* HTTPMethodTests.swift */; };
		AB4AC0882A12FC360073BE6F /* RequestErrorTests.swift in Sources */ = {isa = PBXBuildFile; fileRef = AB4AC0872A12FC360073BE6F /* RequestErrorTests.swift */; };
/* End PBXBuildFile section */

/* Begin PBXContainerItemProxy section */
		AB4ABFE62A12BFBF0073BE6F /* PBXContainerItemProxy */ = {
			isa = PBXContainerItemProxy;
			containerPortal = AB4ABFC72A12BFBE0073BE6F /* Project object */;
			proxyType = 1;
			remoteGlobalIDString = AB4ABFCE2A12BFBE0073BE6F;
			remoteInfo = Spoonacular;
		};
		AB4ABFF02A12BFBF0073BE6F /* PBXContainerItemProxy */ = {
			isa = PBXContainerItemProxy;
			containerPortal = AB4ABFC72A12BFBE0073BE6F /* Project object */;
			proxyType = 1;
			remoteGlobalIDString = AB4ABFCE2A12BFBE0073BE6F;
			remoteInfo = Spoonacular;
		};
/* End PBXContainerItemProxy section */

/* Begin PBXFileReference section */
		AB4ABFCF2A12BFBE0073BE6F /* Spoonacular.app */ = {isa = PBXFileReference; explicitFileType = wrapper.application; includeInIndex = 0; path = Spoonacular.app; sourceTree = BUILT_PRODUCTS_DIR; };
		AB4ABFD22A12BFBE0073BE6F /* AppDelegate.swift */ = {isa = PBXFileReference; lastKnownFileType = sourcecode.swift; path = AppDelegate.swift; sourceTree = "<group>"; };
		AB4ABFD42A12BFBE0073BE6F /* SceneDelegate.swift */ = {isa = PBXFileReference; lastKnownFileType = sourcecode.swift; path = SceneDelegate.swift; sourceTree = "<group>"; };
		AB4ABFD62A12BFBE0073BE6F /* ViewController.swift */ = {isa = PBXFileReference; lastKnownFileType = sourcecode.swift; path = ViewController.swift; sourceTree = "<group>"; };
		AB4ABFDB2A12BFBF0073BE6F /* Assets.xcassets */ = {isa = PBXFileReference; lastKnownFileType = folder.assetcatalog; path = Assets.xcassets; sourceTree = "<group>"; };
		AB4ABFE02A12BFBF0073BE6F /* Info.plist */ = {isa = PBXFileReference; lastKnownFileType = text.plist.xml; path = Info.plist; sourceTree = "<group>"; };
		AB4ABFE52A12BFBF0073BE6F /* SpoonacularTests.xctest */ = {isa = PBXFileReference; explicitFileType = wrapper.cfbundle; includeInIndex = 0; path = SpoonacularTests.xctest; sourceTree = BUILT_PRODUCTS_DIR; };
		AB4ABFE92A12BFBF0073BE6F /* SpoonacularTests.swift */ = {isa = PBXFileReference; lastKnownFileType = sourcecode.swift; path = SpoonacularTests.swift; sourceTree = "<group>"; };
		AB4ABFEF2A12BFBF0073BE6F /* SpoonacularUITests.xctest */ = {isa = PBXFileReference; explicitFileType = wrapper.cfbundle; includeInIndex = 0; path = SpoonacularUITests.xctest; sourceTree = BUILT_PRODUCTS_DIR; };
		AB4ABFF32A12BFBF0073BE6F /* SpoonacularUITests.swift */ = {isa = PBXFileReference; lastKnownFileType = sourcecode.swift; path = SpoonacularUITests.swift; sourceTree = "<group>"; };
		AB4ABFF52A12BFBF0073BE6F /* SpoonacularUITestsLaunchTests.swift */ = {isa = PBXFileReference; lastKnownFileType = sourcecode.swift; path = SpoonacularUITestsLaunchTests.swift; sourceTree = "<group>"; };
		AB4AC0062A12C4090073BE6F /* NetworkingProvider.swift */ = {isa = PBXFileReference; lastKnownFileType = sourcecode.swift; path = NetworkingProvider.swift; sourceTree = "<group>"; };
		AB4AC0082A12C4160073BE6F /* RequestType.swift */ = {isa = PBXFileReference; lastKnownFileType = sourcecode.swift; path = RequestType.swift; sourceTree = "<group>"; };
		AB4AC00A2A12C4430073BE6F /* HTTPMethod.swift */ = {isa = PBXFileReference; lastKnownFileType = sourcecode.swift; path = HTTPMethod.swift; sourceTree = "<group>"; };
		AB4AC00C2A12C4BD0073BE6F /* ConcreteNetworkingProvider.swift */ = {isa = PBXFileReference; lastKnownFileType = sourcecode.swift; path = ConcreteNetworkingProvider.swift; sourceTree = "<group>"; };
		AB4AC00E2A12C4E40073BE6F /* RequestError.swift */ = {isa = PBXFileReference; lastKnownFileType = sourcecode.swift; path = RequestError.swift; sourceTree = "<group>"; };
		AB4AC0122A12C52A0073BE6F /* Logger.swift */ = {isa = PBXFileReference; lastKnownFileType = sourcecode.swift; path = Logger.swift; sourceTree = "<group>"; };
		AB4AC0152A12C54A0073BE6F /* Dictionary+prettyPrintedJSONString.swift */ = {isa = PBXFileReference; lastKnownFileType = sourcecode.swift; path = "Dictionary+prettyPrintedJSONString.swift"; sourceTree = "<group>"; };
		AB4AC0172A12C55A0073BE6F /* Data+prettyPrintedJSONString.swift */ = {isa = PBXFileReference; lastKnownFileType = sourcecode.swift; path = "Data+prettyPrintedJSONString.swift"; sourceTree = "<group>"; };
		AB4AC01B2A12C90D0073BE6F /* SpoonacularAPI.swift */ = {isa = PBXFileReference; lastKnownFileType = sourcecode.swift; path = SpoonacularAPI.swift; sourceTree = "<group>"; };
		AB4AC0212A12CB4A0073BE6F /* SpoonacularAPITests.swift */ = {isa = PBXFileReference; lastKnownFileType = sourcecode.swift; path = SpoonacularAPITests.swift; sourceTree = "<group>"; };
		AB4AC0232A12CD380073BE6F /* SpoonacularAPI+Recipes.swift */ = {isa = PBXFileReference; lastKnownFileType = sourcecode.swift; path = "SpoonacularAPI+Recipes.swift"; sourceTree = "<group>"; };
		AB4AC0262A12CEC00073BE6F /* Stubs.xcassets */ = {isa = PBXFileReference; lastKnownFileType = folder.assetcatalog; path = Stubs.xcassets; sourceTree = "<group>"; };
		AB4AC02C2A12D0BD0073BE6F /* RecipesComplexSearchDTO.swift */ = {isa = PBXFileReference; lastKnownFileType = sourcecode.swift; path = RecipesComplexSearchDTO.swift; sourceTree = "<group>"; };
		AB4AC02F2A12D1D70073BE6F /* RecipesComplexSearchDTOTests.swift */ = {isa = PBXFileReference; lastKnownFileType = sourcecode.swift; path = RecipesComplexSearchDTOTests.swift; sourceTree = "<group>"; };
		AB4AC0332A12D2220073BE6F /* Helper.swift */ = {isa = PBXFileReference; lastKnownFileType = sourcecode.swift; path = Helper.swift; sourceTree = "<group>"; };
		AB4AC0352A12D24F0073BE6F /* Helper+DTOs.swift */ = {isa = PBXFileReference; lastKnownFileType = sourcecode.swift; path = "Helper+DTOs.swift"; sourceTree = "<group>"; };
		AB4AC0372A12D2A10073BE6F /* Helper+Utils.swift */ = {isa = PBXFileReference; lastKnownFileType = sourcecode.swift; path = "Helper+Utils.swift"; sourceTree = "<group>"; };
		AB4AC0402A12DDF50073BE6F /* RecipeListModel.swift */ = {isa = PBXFileReference; lastKnownFileType = sourcecode.swift; path = RecipeListModel.swift; sourceTree = "<group>"; };
		AB4AC0422A12DEA10073BE6F /* RecipeModel.swift */ = {isa = PBXFileReference; lastKnownFileType = sourcecode.swift; path = RecipeModel.swift; sourceTree = "<group>"; };
		AB4AC0482A12DF4B0073BE6F /* RecipeListModelTests.swift */ = {isa = PBXFileReference; lastKnownFileType = sourcecode.swift; path = RecipeListModelTests.swift; sourceTree = "<group>"; };
		AB4AC04A2A12DF910073BE6F /* Helper+Models.swift */ = {isa = PBXFileReference; lastKnownFileType = sourcecode.swift; path = "Helper+Models.swift"; sourceTree = "<group>"; };
		AB4AC04E2A12E2780073BE6F /* RecipeRepository.swift */ = {isa = PBXFileReference; lastKnownFileType = sourcecode.swift; path = RecipeRepository.swift; sourceTree = "<group>"; };
		AB4AC0532A12E3A80073BE6F /* MockRecipeRepository.swift */ = {isa = PBXFileReference; lastKnownFileType = sourcecode.swift; path = MockRecipeRepository.swift; sourceTree = "<group>"; };
		AB4AC0562A12E47F0073BE6F /* AssociatedKeys.swift */ = {isa = PBXFileReference; lastKnownFileType = sourcecode.swift; path = AssociatedKeys.swift; sourceTree = "<group>"; };
		AB4AC0582A12E48C0073BE6F /* Invocable.swift */ = {isa = PBXFileReference; lastKnownFileType = sourcecode.swift; path = Invocable.swift; sourceTree = "<group>"; };
		AB4AC05A2A12E49A0073BE6F /* Stubbable.swift */ = {isa = PBXFileReference; lastKnownFileType = sourcecode.swift; path = Stubbable.swift; sourceTree = "<group>"; };
		AB4AC05C2A12E4A30073BE6F /* Mockable.swift */ = {isa = PBXFileReference; lastKnownFileType = sourcecode.swift; path = Mockable.swift; sourceTree = "<group>"; };
		AB4AC0622A12E6060073BE6F /* ConcreteRecipeRepository.swift */ = {isa = PBXFileReference; lastKnownFileType = sourcecode.swift; path = ConcreteRecipeRepository.swift; sourceTree = "<group>"; };
		AB4AC0652A12E6CD0073BE6F /* RecipeListModel+RecipesComplexSearchDTO.swift */ = {isa = PBXFileReference; lastKnownFileType = sourcecode.swift; path = "RecipeListModel+RecipesComplexSearchDTO.swift"; sourceTree = "<group>"; };
		AB4AC0672A12E73B0073BE6F /* RecipeModel+Result.swift */ = {isa = PBXFileReference; lastKnownFileType = sourcecode.swift; path = "RecipeModel+Result.swift"; sourceTree = "<group>"; };
		AB4AC06D2A12EBAF0073BE6F /* ConcreteRecipeRepositoryTests.swift */ = {isa = PBXFileReference; lastKnownFileType = sourcecode.swift; path = ConcreteRecipeRepositoryTests.swift; sourceTree = "<group>"; };
		AB4AC0702A12EC810073BE6F /* MockNetworkingProvider.swift */ = {isa = PBXFileReference; lastKnownFileType = sourcecode.swift; path = MockNetworkingProvider.swift; sourceTree = "<group>"; };
		AB4AC0732A12EF370073BE6F /* XCTestCase+XCTAssertThrowsAsyncError.swift */ = {isa = PBXFileReference; lastKnownFileType = sourcecode.swift; path = "XCTestCase+XCTAssertThrowsAsyncError.swift"; sourceTree = "<group>"; };
		AB4AC0772A12F25F0073BE6F /* FetchRecipeListWorker.swift */ = {isa = PBXFileReference; lastKnownFileType = sourcecode.swift; path = FetchRecipeListWorker.swift; sourceTree = "<group>"; };
		AB4AC07A2A12F2B70073BE6F /* ConcreteFetchRecipeListWorker.swift */ = {isa = PBXFileReference; lastKnownFileType = sourcecode.swift; path = ConcreteFetchRecipeListWorker.swift; sourceTree = "<group>"; };
		AB4AC07E2A12F2DB0073BE6F /* MockFetchRecipeListWorker.swift */ = {isa = PBXFileReference; lastKnownFileType = sourcecode.swift; path = MockFetchRecipeListWorker.swift; sourceTree = "<group>"; };
		AB4AC0822A12F4780073BE6F /* ConcreteFetchRecipeListWorkerTests.swift */ = {isa = PBXFileReference; lastKnownFileType = sourcecode.swift; path = ConcreteFetchRecipeListWorkerTests.swift; sourceTree = "<group>"; };
		AB4AC0852A12FBCF0073BE6F /* HTTPMethodTests.swift */ = {isa = PBXFileReference; lastKnownFileType = sourcecode.swift; path = HTTPMethodTests.swift; sourceTree = "<group>"; };
		AB4AC0872A12FC360073BE6F /* RequestErrorTests.swift */ = {isa = PBXFileReference; lastKnownFileType = sourcecode.swift; path = RequestErrorTests.swift; sourceTree = "<group>"; };
/* End PBXFileReference section */

/* Begin PBXFrameworksBuildPhase section */
		AB4ABFCC2A12BFBE0073BE6F /* Frameworks */ = {
			isa = PBXFrameworksBuildPhase;
			buildActionMask = 2147483647;
			files = (
			);
			runOnlyForDeploymentPostprocessing = 0;
		};
		AB4ABFE22A12BFBF0073BE6F /* Frameworks */ = {
			isa = PBXFrameworksBuildPhase;
			buildActionMask = 2147483647;
			files = (
			);
			runOnlyForDeploymentPostprocessing = 0;
		};
		AB4ABFEC2A12BFBF0073BE6F /* Frameworks */ = {
			isa = PBXFrameworksBuildPhase;
			buildActionMask = 2147483647;
			files = (
			);
			runOnlyForDeploymentPostprocessing = 0;
		};
/* End PBXFrameworksBuildPhase section */

/* Begin PBXGroup section */
		AB4ABFC62A12BFBE0073BE6F = {
			isa = PBXGroup;
			children = (
				AB4ABFD12A12BFBE0073BE6F /* Spoonacular */,
				AB4ABFE82A12BFBF0073BE6F /* SpoonacularTests */,
				AB4ABFF22A12BFBF0073BE6F /* SpoonacularUITests */,
				AB4ABFD02A12BFBE0073BE6F /* Products */,
			);
			sourceTree = "<group>";
		};
		AB4ABFD02A12BFBE0073BE6F /* Products */ = {
			isa = PBXGroup;
			children = (
				AB4ABFCF2A12BFBE0073BE6F /* Spoonacular.app */,
				AB4ABFE52A12BFBF0073BE6F /* SpoonacularTests.xctest */,
				AB4ABFEF2A12BFBF0073BE6F /* SpoonacularUITests.xctest */,
			);
			name = Products;
			sourceTree = "<group>";
		};
		AB4ABFD12A12BFBE0073BE6F /* Spoonacular */ = {
			isa = PBXGroup;
			children = (
				AB4ABFD62A12BFBE0073BE6F /* ViewController.swift */,
				AB4AC01F2A12CA480073BE6F /* API */,
				AB4AC0042A12C28B0073BE6F /* App Delegate */,
				AB4AC0192A12C8980073BE6F /* Feature Interfaces */,
				AB4AC05E2A12E5930073BE6F /* Features */,
				AB4AC0052A12C4010073BE6F /* Networking */,
				AB4AC0032A12C2490073BE6F /* Resources */,
				AB4AC0102A12C5200073BE6F /* Utils */,
			);
			path = Spoonacular;
			sourceTree = "<group>";
		};
		AB4ABFE82A12BFBF0073BE6F /* SpoonacularTests */ = {
			isa = PBXGroup;
			children = (
				AB4ABFE92A12BFBF0073BE6F /* SpoonacularTests.swift */,
				AB4AC0202A12CB420073BE6F /* API */,
				AB4AC0442A12DF2C0073BE6F /* Feature Interfaces */,
				AB4AC0692A12EB7F0073BE6F /* Features */,
				AB4AC0842A12FBC40073BE6F /* Networking */,
				AB4AC0312A12D20F0073BE6F /* Vendors */,
			);
			path = SpoonacularTests;
			sourceTree = "<group>";
		};
		AB4ABFF22A12BFBF0073BE6F /* SpoonacularUITests */ = {
			isa = PBXGroup;
			children = (
				AB4ABFF32A12BFBF0073BE6F /* SpoonacularUITests.swift */,
				AB4ABFF52A12BFBF0073BE6F /* SpoonacularUITestsLaunchTests.swift */,
			);
			path = SpoonacularUITests;
			sourceTree = "<group>";
		};
		AB4AC0032A12C2490073BE6F /* Resources */ = {
			isa = PBXGroup;
			children = (
				AB4ABFDB2A12BFBF0073BE6F /* Assets.xcassets */,
				AB4ABFE02A12BFBF0073BE6F /* Info.plist */,
			);
			path = Resources;
			sourceTree = "<group>";
		};
		AB4AC0042A12C28B0073BE6F /* App Delegate */ = {
			isa = PBXGroup;
			children = (
				AB4ABFD22A12BFBE0073BE6F /* AppDelegate.swift */,
				AB4ABFD42A12BFBE0073BE6F /* SceneDelegate.swift */,
			);
			path = "App Delegate";
			sourceTree = "<group>";
		};
		AB4AC0052A12C4010073BE6F /* Networking */ = {
			isa = PBXGroup;
			children = (
				AB4AC00C2A12C4BD0073BE6F /* ConcreteNetworkingProvider.swift */,
				AB4AC00A2A12C4430073BE6F /* HTTPMethod.swift */,
				AB4AC0062A12C4090073BE6F /* NetworkingProvider.swift */,
				AB4AC00E2A12C4E40073BE6F /* RequestError.swift */,
				AB4AC0082A12C4160073BE6F /* RequestType.swift */,
			);
			path = Networking;
			sourceTree = "<group>";
		};
		AB4AC0102A12C5200073BE6F /* Utils */ = {
			isa = PBXGroup;
			children = (
				AB4AC0142A12C5440073BE6F /* Extensions */,
				AB4AC0112A12C5250073BE6F /* Logger */,
			);
			path = Utils;
			sourceTree = "<group>";
		};
		AB4AC0112A12C5250073BE6F /* Logger */ = {
			isa = PBXGroup;
			children = (
				AB4AC0122A12C52A0073BE6F /* Logger.swift */,
			);
			path = Logger;
			sourceTree = "<group>";
		};
		AB4AC0142A12C5440073BE6F /* Extensions */ = {
			isa = PBXGroup;
			children = (
				AB4AC0172A12C55A0073BE6F /* Data+prettyPrintedJSONString.swift */,
				AB4AC0152A12C54A0073BE6F /* Dictionary+prettyPrintedJSONString.swift */,
			);
			path = Extensions;
			sourceTree = "<group>";
		};
		AB4AC0192A12C8980073BE6F /* Feature Interfaces */ = {
			isa = PBXGroup;
			children = (
				AB4AC03D2A12DDB90073BE6F /* Recipes Feature Interface */,
			);
			path = "Feature Interfaces";
			sourceTree = "<group>";
		};
		AB4AC01A2A12C8E70073BE6F /* SpoonacularAPI */ = {
			isa = PBXGroup;
			children = (
				AB4AC01B2A12C90D0073BE6F /* SpoonacularAPI.swift */,
				AB4AC0232A12CD380073BE6F /* SpoonacularAPI+Recipes.swift */,
			);
			path = SpoonacularAPI;
			sourceTree = "<group>";
		};
		AB4AC01F2A12CA480073BE6F /* API */ = {
			isa = PBXGroup;
			children = (
				AB4AC0292A12CFDD0073BE6F /* DTOs */,
				AB4AC01A2A12C8E70073BE6F /* SpoonacularAPI */,
				AB4AC0252A12CEA40073BE6F /* Vendors */,
			);
			path = API;
			sourceTree = "<group>";
		};
		AB4AC0202A12CB420073BE6F /* API */ = {
			isa = PBXGroup;
			children = (
				AB4AC0212A12CB4A0073BE6F /* SpoonacularAPITests.swift */,
				AB4AC02E2A12D1C60073BE6F /* DTOs */,
			);
			path = API;
			sourceTree = "<group>";
		};
		AB4AC0252A12CEA40073BE6F /* Vendors */ = {
			isa = PBXGroup;
			children = (
				AB4AC0262A12CEC00073BE6F /* Stubs.xcassets */,
			);
			path = Vendors;
			sourceTree = "<group>";
		};
		AB4AC0292A12CFDD0073BE6F /* DTOs */ = {
			isa = PBXGroup;
			children = (
				AB4AC02C2A12D0BD0073BE6F /* RecipesComplexSearchDTO.swift */,
			);
			path = DTOs;
			sourceTree = "<group>";
		};
		AB4AC02E2A12D1C60073BE6F /* DTOs */ = {
			isa = PBXGroup;
			children = (
				AB4AC02F2A12D1D70073BE6F /* RecipesComplexSearchDTOTests.swift */,
			);
			path = DTOs;
			sourceTree = "<group>";
		};
		AB4AC0312A12D20F0073BE6F /* Vendors */ = {
			isa = PBXGroup;
			children = (
				AB4AC0322A12D2170073BE6F /* Helpers */,
				AB4AC0552A12E4700073BE6F /* Mockable */,
				AB4AC0502A12E3500073BE6F /* Mocks */,
				AB4AC0722A12EF2D0073BE6F /* XCTestCase */,
			);
			path = Vendors;
			sourceTree = "<group>";
		};
		AB4AC0322A12D2170073BE6F /* Helpers */ = {
			isa = PBXGroup;
			children = (
				AB4AC0332A12D2220073BE6F /* Helper.swift */,
				AB4AC0352A12D24F0073BE6F /* Helper+DTOs.swift */,
				AB4AC04A2A12DF910073BE6F /* Helper+Models.swift */,
				AB4AC0372A12D2A10073BE6F /* Helper+Utils.swift */,
			);
			path = Helpers;
			sourceTree = "<group>";
		};
		AB4AC03D2A12DDB90073BE6F /* Recipes Feature Interface */ = {
			isa = PBXGroup;
			children = (
				AB4AC0752A12F2390073BE6F /* Business Logic */,
				AB4AC03E2A12DDC70073BE6F /* Data */,
				AB4AC04C2A12E2490073BE6F /* Data Access */,
			);
			path = "Recipes Feature Interface";
			sourceTree = "<group>";
		};
		AB4AC03E2A12DDC70073BE6F /* Data */ = {
			isa = PBXGroup;
			children = (
				AB4AC03F2A12DDCC0073BE6F /* Models */,
			);
			path = Data;
			sourceTree = "<group>";
		};
		AB4AC03F2A12DDCC0073BE6F /* Models */ = {
			isa = PBXGroup;
			children = (
				AB4AC0402A12DDF50073BE6F /* RecipeListModel.swift */,
				AB4AC0422A12DEA10073BE6F /* RecipeModel.swift */,
			);
			path = Models;
			sourceTree = "<group>";
		};
		AB4AC0442A12DF2C0073BE6F /* Feature Interfaces */ = {
			isa = PBXGroup;
			children = (
				AB4AC0452A12DF360073BE6F /* Recipes Feature Interface */,
			);
			path = "Feature Interfaces";
			sourceTree = "<group>";
		};
		AB4AC0452A12DF360073BE6F /* Recipes Feature Interface */ = {
			isa = PBXGroup;
			children = (
				AB4AC0462A12DF400073BE6F /* Data */,
			);
			path = "Recipes Feature Interface";
			sourceTree = "<group>";
		};
		AB4AC0462A12DF400073BE6F /* Data */ = {
			isa = PBXGroup;
			children = (
				AB4AC0472A12DF440073BE6F /* Models */,
			);
			path = Data;
			sourceTree = "<group>";
		};
		AB4AC0472A12DF440073BE6F /* Models */ = {
			isa = PBXGroup;
			children = (
				AB4AC0482A12DF4B0073BE6F /* RecipeListModelTests.swift */,
			);
			path = Models;
			sourceTree = "<group>";
		};
		AB4AC04C2A12E2490073BE6F /* Data Access */ = {
			isa = PBXGroup;
			children = (
				AB4AC04D2A12E2640073BE6F /* Repositories */,
			);
			path = "Data Access";
			sourceTree = "<group>";
		};
		AB4AC04D2A12E2640073BE6F /* Repositories */ = {
			isa = PBXGroup;
			children = (
				AB4AC04E2A12E2780073BE6F /* RecipeRepository.swift */,
			);
			path = Repositories;
			sourceTree = "<group>";
		};
		AB4AC0502A12E3500073BE6F /* Mocks */ = {
			isa = PBXGroup;
			children = (
				AB4AC06F2A12EC7A0073BE6F /* Networking */,
				AB4AC0512A12E3580073BE6F /* Recipe Feature */,
			);
			path = Mocks;
			sourceTree = "<group>";
		};
		AB4AC0512A12E3580073BE6F /* Recipe Feature */ = {
			isa = PBXGroup;
			children = (
				AB4AC07C2A12F2CA0073BE6F /* Business Logic */,
				AB4AC0522A12E39A0073BE6F /* Data Access */,
			);
			path = "Recipe Feature";
			sourceTree = "<group>";
		};
		AB4AC0522A12E39A0073BE6F /* Data Access */ = {
			isa = PBXGroup;
			children = (
				AB4AC0532A12E3A80073BE6F /* MockRecipeRepository.swift */,
			);
			path = "Data Access";
			sourceTree = "<group>";
		};
		AB4AC0552A12E4700073BE6F /* Mockable */ = {
			isa = PBXGroup;
			children = (
				AB4AC0562A12E47F0073BE6F /* AssociatedKeys.swift */,
				AB4AC0582A12E48C0073BE6F /* Invocable.swift */,
				AB4AC05C2A12E4A30073BE6F /* Mockable.swift */,
				AB4AC05A2A12E49A0073BE6F /* Stubbable.swift */,
			);
			path = Mockable;
			sourceTree = "<group>";
		};
		AB4AC05E2A12E5930073BE6F /* Features */ = {
			isa = PBXGroup;
			children = (
				AB4AC05F2A12E59F0073BE6F /* Recipes Feature */,
			);
			path = Features;
			sourceTree = "<group>";
		};
		AB4AC05F2A12E59F0073BE6F /* Recipes Feature */ = {
			isa = PBXGroup;
			children = (
				AB4AC0792A12F2A80073BE6F /* Business Logic */,
				AB4AC0602A12E5CB0073BE6F /* Data Access */,
			);
			path = "Recipes Feature";
			sourceTree = "<group>";
		};
		AB4AC0602A12E5CB0073BE6F /* Data Access */ = {
			isa = PBXGroup;
			children = (
				AB4AC0642A12E6BA0073BE6F /* Data Mappings */,
				AB4AC0612A12E5D30073BE6F /* Repositories */,
			);
			path = "Data Access";
			sourceTree = "<group>";
		};
		AB4AC0612A12E5D30073BE6F /* Repositories */ = {
			isa = PBXGroup;
			children = (
				AB4AC0622A12E6060073BE6F /* ConcreteRecipeRepository.swift */,
			);
			path = Repositories;
			sourceTree = "<group>";
		};
		AB4AC0642A12E6BA0073BE6F /* Data Mappings */ = {
			isa = PBXGroup;
			children = (
				AB4AC0652A12E6CD0073BE6F /* RecipeListModel+RecipesComplexSearchDTO.swift */,
				AB4AC0672A12E73B0073BE6F /* RecipeModel+Result.swift */,
			);
			path = "Data Mappings";
			sourceTree = "<group>";
		};
		AB4AC0692A12EB7F0073BE6F /* Features */ = {
			isa = PBXGroup;
			children = (
				AB4AC06A2A12EB840073BE6F /* Recipes Feature */,
			);
			path = Features;
			sourceTree = "<group>";
		};
		AB4AC06A2A12EB840073BE6F /* Recipes Feature */ = {
			isa = PBXGroup;
			children = (
				AB4AC0802A12F46E0073BE6F /* Business Logic */,
				AB4AC06B2A12EB980073BE6F /* Data Access */,
			);
			path = "Recipes Feature";
			sourceTree = "<group>";
		};
		AB4AC06B2A12EB980073BE6F /* Data Access */ = {
			isa = PBXGroup;
			children = (
				AB4AC06C2A12EBA30073BE6F /* Repositories */,
			);
			path = "Data Access";
			sourceTree = "<group>";
		};
		AB4AC06C2A12EBA30073BE6F /* Repositories */ = {
			isa = PBXGroup;
			children = (
				AB4AC06D2A12EBAF0073BE6F /* ConcreteRecipeRepositoryTests.swift */,
			);
			path = Repositories;
			sourceTree = "<group>";
		};
		AB4AC06F2A12EC7A0073BE6F /* Networking */ = {
			isa = PBXGroup;
			children = (
				AB4AC0702A12EC810073BE6F /* MockNetworkingProvider.swift */,
			);
			path = Networking;
			sourceTree = "<group>";
		};
		AB4AC0722A12EF2D0073BE6F /* XCTestCase */ = {
			isa = PBXGroup;
			children = (
				AB4AC0732A12EF370073BE6F /* XCTestCase+XCTAssertThrowsAsyncError.swift */,
			);
			path = XCTestCase;
			sourceTree = "<group>";
		};
		AB4AC0752A12F2390073BE6F /* Business Logic */ = {
			isa = PBXGroup;
			children = (
				AB4AC0762A12F2450073BE6F /* Workers */,
			);
			path = "Business Logic";
			sourceTree = "<group>";
		};
		AB4AC0762A12F2450073BE6F /* Workers */ = {
			isa = PBXGroup;
			children = (
				AB4AC0772A12F25F0073BE6F /* FetchRecipeListWorker.swift */,
			);
			path = Workers;
			sourceTree = "<group>";
		};
		AB4AC0792A12F2A80073BE6F /* Business Logic */ = {
			isa = PBXGroup;
			children = (
				AB4AC07A2A12F2B70073BE6F /* ConcreteFetchRecipeListWorker.swift */,
			);
			path = "Business Logic";
			sourceTree = "<group>";
		};
		AB4AC07C2A12F2CA0073BE6F /* Business Logic */ = {
			isa = PBXGroup;
			children = (
				AB4AC07D2A12F2D30073BE6F /* Workers */,
			);
			path = "Business Logic";
			sourceTree = "<group>";
		};
		AB4AC07D2A12F2D30073BE6F /* Workers */ = {
			isa = PBXGroup;
			children = (
				AB4AC07E2A12F2DB0073BE6F /* MockFetchRecipeListWorker.swift */,
			);
			path = Workers;
			sourceTree = "<group>";
		};
		AB4AC0802A12F46E0073BE6F /* Business Logic */ = {
			isa = PBXGroup;
			children = (
				AB4AC0812A12F4720073BE6F /* Workers */,
			);
			path = "Business Logic";
			sourceTree = "<group>";
		};
		AB4AC0812A12F4720073BE6F /* Workers */ = {
			isa = PBXGroup;
			children = (
				AB4AC0822A12F4780073BE6F /* ConcreteFetchRecipeListWorkerTests.swift */,
			);
			path = Workers;
			sourceTree = "<group>";
		};
		AB4AC0842A12FBC40073BE6F /* Networking */ = {
			isa = PBXGroup;
			children = (
				AB4AC0852A12FBCF0073BE6F /* HTTPMethodTests.swift */,
				AB4AC0872A12FC360073BE6F /* RequestErrorTests.swift */,
			);
			path = Networking;
			sourceTree = "<group>";
		};
/* End PBXGroup section */

/* Begin PBXNativeTarget section */
		AB4ABFCE2A12BFBE0073BE6F /* Spoonacular */ = {
			isa = PBXNativeTarget;
			buildConfigurationList = AB4ABFF92A12BFBF0073BE6F /* Build configuration list for PBXNativeTarget "Spoonacular" */;
			buildPhases = (
				AB4ABFCB2A12BFBE0073BE6F /* Sources */,
				AB4ABFCC2A12BFBE0073BE6F /* Frameworks */,
				AB4ABFCD2A12BFBE0073BE6F /* Resources */,
			);
			buildRules = (
			);
			dependencies = (
			);
			name = Spoonacular;
			productName = Spoonacular;
			productReference = AB4ABFCF2A12BFBE0073BE6F /* Spoonacular.app */;
			productType = "com.apple.product-type.application";
		};
		AB4ABFE42A12BFBF0073BE6F /* SpoonacularTests */ = {
			isa = PBXNativeTarget;
			buildConfigurationList = AB4ABFFC2A12BFBF0073BE6F /* Build configuration list for PBXNativeTarget "SpoonacularTests" */;
			buildPhases = (
				AB4ABFE12A12BFBF0073BE6F /* Sources */,
				AB4ABFE22A12BFBF0073BE6F /* Frameworks */,
				AB4ABFE32A12BFBF0073BE6F /* Resources */,
			);
			buildRules = (
			);
			dependencies = (
				AB4ABFE72A12BFBF0073BE6F /* PBXTargetDependency */,
			);
			name = SpoonacularTests;
			productName = SpoonacularTests;
			productReference = AB4ABFE52A12BFBF0073BE6F /* SpoonacularTests.xctest */;
			productType = "com.apple.product-type.bundle.unit-test";
		};
		AB4ABFEE2A12BFBF0073BE6F /* SpoonacularUITests */ = {
			isa = PBXNativeTarget;
			buildConfigurationList = AB4ABFFF2A12BFBF0073BE6F /* Build configuration list for PBXNativeTarget "SpoonacularUITests" */;
			buildPhases = (
				AB4ABFEB2A12BFBF0073BE6F /* Sources */,
				AB4ABFEC2A12BFBF0073BE6F /* Frameworks */,
				AB4ABFED2A12BFBF0073BE6F /* Resources */,
			);
			buildRules = (
			);
			dependencies = (
				AB4ABFF12A12BFBF0073BE6F /* PBXTargetDependency */,
			);
			name = SpoonacularUITests;
			productName = SpoonacularUITests;
			productReference = AB4ABFEF2A12BFBF0073BE6F /* SpoonacularUITests.xctest */;
			productType = "com.apple.product-type.bundle.ui-testing";
		};
/* End PBXNativeTarget section */

/* Begin PBXProject section */
		AB4ABFC72A12BFBE0073BE6F /* Project object */ = {
			isa = PBXProject;
			attributes = {
				BuildIndependentTargetsInParallel = 1;
				LastSwiftUpdateCheck = 1430;
				LastUpgradeCheck = 1430;
				TargetAttributes = {
					AB4ABFCE2A12BFBE0073BE6F = {
						CreatedOnToolsVersion = 14.3;
					};
					AB4ABFE42A12BFBF0073BE6F = {
						CreatedOnToolsVersion = 14.3;
						TestTargetID = AB4ABFCE2A12BFBE0073BE6F;
					};
					AB4ABFEE2A12BFBF0073BE6F = {
						CreatedOnToolsVersion = 14.3;
						TestTargetID = AB4ABFCE2A12BFBE0073BE6F;
					};
				};
			};
			buildConfigurationList = AB4ABFCA2A12BFBE0073BE6F /* Build configuration list for PBXProject "Spoonacular" */;
			compatibilityVersion = "Xcode 14.0";
			developmentRegion = en;
			hasScannedForEncodings = 0;
			knownRegions = (
				en,
				Base,
			);
			mainGroup = AB4ABFC62A12BFBE0073BE6F;
			productRefGroup = AB4ABFD02A12BFBE0073BE6F /* Products */;
			projectDirPath = "";
			projectRoot = "";
			targets = (
				AB4ABFCE2A12BFBE0073BE6F /* Spoonacular */,
				AB4ABFE42A12BFBF0073BE6F /* SpoonacularTests */,
				AB4ABFEE2A12BFBF0073BE6F /* SpoonacularUITests */,
			);
		};
/* End PBXProject section */

/* Begin PBXResourcesBuildPhase section */
		AB4ABFCD2A12BFBE0073BE6F /* Resources */ = {
			isa = PBXResourcesBuildPhase;
			buildActionMask = 2147483647;
			files = (
				AB4ABFDC2A12BFBF0073BE6F /* Assets.xcassets in Resources */,
				AB4AC0272A12CEC00073BE6F /* Stubs.xcassets in Resources */,
			);
			runOnlyForDeploymentPostprocessing = 0;
		};
		AB4ABFE32A12BFBF0073BE6F /* Resources */ = {
			isa = PBXResourcesBuildPhase;
			buildActionMask = 2147483647;
			files = (
			);
			runOnlyForDeploymentPostprocessing = 0;
		};
		AB4ABFED2A12BFBF0073BE6F /* Resources */ = {
			isa = PBXResourcesBuildPhase;
			buildActionMask = 2147483647;
			files = (
			);
			runOnlyForDeploymentPostprocessing = 0;
		};
/* End PBXResourcesBuildPhase section */

/* Begin PBXSourcesBuildPhase section */
		AB4ABFCB2A12BFBE0073BE6F /* Sources */ = {
			isa = PBXSourcesBuildPhase;
			buildActionMask = 2147483647;
			files = (
				AB4AC0662A12E6CD0073BE6F /* RecipeListModel+RecipesComplexSearchDTO.swift in Sources */,
				AB4AC00F2A12C4E40073BE6F /* RequestError.swift in Sources */,
				AB4AC04F2A12E2780073BE6F /* RecipeRepository.swift in Sources */,
				AB4AC00D2A12C4BD0073BE6F /* ConcreteNetworkingProvider.swift in Sources */,
				AB4ABFD72A12BFBE0073BE6F /* ViewController.swift in Sources */,
				AB4ABFD32A12BFBE0073BE6F /* AppDelegate.swift in Sources */,
				AB4AC0132A12C52A0073BE6F /* Logger.swift in Sources */,
				AB4AC0432A12DEA10073BE6F /* RecipeModel.swift in Sources */,
				AB4AC0162A12C54A0073BE6F /* Dictionary+prettyPrintedJSONString.swift in Sources */,
				AB4AC02D2A12D0BD0073BE6F /* RecipesComplexSearchDTO.swift in Sources */,
				AB4AC0412A12DDF50073BE6F /* RecipeListModel.swift in Sources */,
				AB4AC00B2A12C4430073BE6F /* HTTPMethod.swift in Sources */,
				AB4AC0072A12C4090073BE6F /* NetworkingProvider.swift in Sources */,
				AB4AC01C2A12C90D0073BE6F /* SpoonacularAPI.swift in Sources */,
				AB4AC0682A12E73B0073BE6F /* RecipeModel+Result.swift in Sources */,
				AB4ABFD52A12BFBE0073BE6F /* SceneDelegate.swift in Sources */,
				AB4AC0782A12F25F0073BE6F /* FetchRecipeListWorker.swift in Sources */,
				AB4AC0632A12E6060073BE6F /* ConcreteRecipeRepository.swift in Sources */,
				AB4AC0242A12CD380073BE6F /* SpoonacularAPI+Recipes.swift in Sources */,
				AB4AC07B2A12F2B70073BE6F /* ConcreteFetchRecipeListWorker.swift in Sources */,
				AB4AC0182A12C55A0073BE6F /* Data+prettyPrintedJSONString.swift in Sources */,
				AB4AC0092A12C4160073BE6F /* RequestType.swift in Sources */,
			);
			runOnlyForDeploymentPostprocessing = 0;
		};
		AB4ABFE12A12BFBF0073BE6F /* Sources */ = {
			isa = PBXSourcesBuildPhase;
			buildActionMask = 2147483647;
			files = (
				AB4AC0882A12FC360073BE6F /* RequestErrorTests.swift in Sources */,
				AB4AC0862A12FBCF0073BE6F /* HTTPMethodTests.swift in Sources */,
				AB4AC0222A12CB4A0073BE6F /* SpoonacularAPITests.swift in Sources */,
				AB4AC0302A12D1D70073BE6F /* RecipesComplexSearchDTOTests.swift in Sources */,
				AB4ABFEA2A12BFBF0073BE6F /* SpoonacularTests.swift in Sources */,
				AB4AC0342A12D2220073BE6F /* Helper.swift in Sources */,
				AB4AC0542A12E3A90073BE6F /* MockRecipeRepository.swift in Sources */,
				AB4AC0362A12D24F0073BE6F /* Helper+DTOs.swift in Sources */,
				AB4AC05B2A12E49A0073BE6F /* Stubbable.swift in Sources */,
				AB4AC0742A12EF370073BE6F /* XCTestCase+XCTAssertThrowsAsyncError.swift in Sources */,
				AB4AC05D2A12E4A30073BE6F /* Mockable.swift in Sources */,
				AB4AC07F2A12F2DB0073BE6F /* MockFetchRecipeListWorker.swift in Sources */,
				AB4AC04B2A12DF910073BE6F /* Helper+Models.swift in Sources */,
				AB4AC0572A12E47F0073BE6F /* AssociatedKeys.swift in Sources */,
				AB4AC0712A12EC810073BE6F /* MockNetworkingProvider.swift in Sources */,
				AB4AC0832A12F4780073BE6F /* ConcreteFetchRecipeListWorkerTests.swift in Sources */,
				AB4AC0382A12D2A10073BE6F /* Helper+Utils.swift in Sources */,
				AB4AC0592A12E48C0073BE6F /* Invocable.swift in Sources */,
				AB4AC06E2A12EBAF0073BE6F /* ConcreteRecipeRepositoryTests.swift in Sources */,
				AB4AC0492A12DF4B0073BE6F /* RecipeListModelTests.swift in Sources */,
			);
			runOnlyForDeploymentPostprocessing = 0;
		};
		AB4ABFEB2A12BFBF0073BE6F /* Sources */ = {
			isa = PBXSourcesBuildPhase;
			buildActionMask = 2147483647;
			files = (
				AB4ABFF62A12BFBF0073BE6F /* SpoonacularUITestsLaunchTests.swift in Sources */,
				AB4ABFF42A12BFBF0073BE6F /* SpoonacularUITests.swift in Sources */,
			);
			runOnlyForDeploymentPostprocessing = 0;
		};
/* End PBXSourcesBuildPhase section */

/* Begin PBXTargetDependency section */
		AB4ABFE72A12BFBF0073BE6F /* PBXTargetDependency */ = {
			isa = PBXTargetDependency;
			target = AB4ABFCE2A12BFBE0073BE6F /* Spoonacular */;
			targetProxy = AB4ABFE62A12BFBF0073BE6F /* PBXContainerItemProxy */;
		};
		AB4ABFF12A12BFBF0073BE6F /* PBXTargetDependency */ = {
			isa = PBXTargetDependency;
			target = AB4ABFCE2A12BFBE0073BE6F /* Spoonacular */;
			targetProxy = AB4ABFF02A12BFBF0073BE6F /* PBXContainerItemProxy */;
		};
/* End PBXTargetDependency section */

/* Begin XCBuildConfiguration section */
		AB4ABFF72A12BFBF0073BE6F /* Debug */ = {
			isa = XCBuildConfiguration;
			buildSettings = {
				ALWAYS_SEARCH_USER_PATHS = NO;
				CLANG_ANALYZER_NONNULL = YES;
				CLANG_ANALYZER_NUMBER_OBJECT_CONVERSION = YES_AGGRESSIVE;
				CLANG_CXX_LANGUAGE_STANDARD = "gnu++20";
				CLANG_ENABLE_MODULES = YES;
				CLANG_ENABLE_OBJC_ARC = YES;
				CLANG_ENABLE_OBJC_WEAK = YES;
				CLANG_WARN_BLOCK_CAPTURE_AUTORELEASING = YES;
				CLANG_WARN_BOOL_CONVERSION = YES;
				CLANG_WARN_COMMA = YES;
				CLANG_WARN_CONSTANT_CONVERSION = YES;
				CLANG_WARN_DEPRECATED_OBJC_IMPLEMENTATIONS = YES;
				CLANG_WARN_DIRECT_OBJC_ISA_USAGE = YES_ERROR;
				CLANG_WARN_DOCUMENTATION_COMMENTS = YES;
				CLANG_WARN_EMPTY_BODY = YES;
				CLANG_WARN_ENUM_CONVERSION = YES;
				CLANG_WARN_INFINITE_RECURSION = YES;
				CLANG_WARN_INT_CONVERSION = YES;
				CLANG_WARN_NON_LITERAL_NULL_CONVERSION = YES;
				CLANG_WARN_OBJC_IMPLICIT_RETAIN_SELF = YES;
				CLANG_WARN_OBJC_LITERAL_CONVERSION = YES;
				CLANG_WARN_OBJC_ROOT_CLASS = YES_ERROR;
				CLANG_WARN_QUOTED_INCLUDE_IN_FRAMEWORK_HEADER = YES;
				CLANG_WARN_RANGE_LOOP_ANALYSIS = YES;
				CLANG_WARN_STRICT_PROTOTYPES = YES;
				CLANG_WARN_SUSPICIOUS_MOVE = YES;
				CLANG_WARN_UNGUARDED_AVAILABILITY = YES_AGGRESSIVE;
				CLANG_WARN_UNREACHABLE_CODE = YES;
				CLANG_WARN__DUPLICATE_METHOD_MATCH = YES;
				COPY_PHASE_STRIP = NO;
				DEBUG_INFORMATION_FORMAT = dwarf;
				ENABLE_STRICT_OBJC_MSGSEND = YES;
				ENABLE_TESTABILITY = YES;
				GCC_C_LANGUAGE_STANDARD = gnu11;
				GCC_DYNAMIC_NO_PIC = NO;
				GCC_NO_COMMON_BLOCKS = YES;
				GCC_OPTIMIZATION_LEVEL = 0;
				GCC_PREPROCESSOR_DEFINITIONS = (
					"DEBUG=1",
					"$(inherited)",
				);
				GCC_WARN_64_TO_32_BIT_CONVERSION = YES;
				GCC_WARN_ABOUT_RETURN_TYPE = YES_ERROR;
				GCC_WARN_UNDECLARED_SELECTOR = YES;
				GCC_WARN_UNINITIALIZED_AUTOS = YES_AGGRESSIVE;
				GCC_WARN_UNUSED_FUNCTION = YES;
				GCC_WARN_UNUSED_VARIABLE = YES;
				IPHONEOS_DEPLOYMENT_TARGET = 16.4;
				MTL_ENABLE_DEBUG_INFO = INCLUDE_SOURCE;
				MTL_FAST_MATH = YES;
				ONLY_ACTIVE_ARCH = YES;
				SDKROOT = iphoneos;
				SWIFT_ACTIVE_COMPILATION_CONDITIONS = DEBUG;
				SWIFT_OPTIMIZATION_LEVEL = "-Onone";
			};
			name = Debug;
		};
		AB4ABFF82A12BFBF0073BE6F /* Release */ = {
			isa = XCBuildConfiguration;
			buildSettings = {
				ALWAYS_SEARCH_USER_PATHS = NO;
				CLANG_ANALYZER_NONNULL = YES;
				CLANG_ANALYZER_NUMBER_OBJECT_CONVERSION = YES_AGGRESSIVE;
				CLANG_CXX_LANGUAGE_STANDARD = "gnu++20";
				CLANG_ENABLE_MODULES = YES;
				CLANG_ENABLE_OBJC_ARC = YES;
				CLANG_ENABLE_OBJC_WEAK = YES;
				CLANG_WARN_BLOCK_CAPTURE_AUTORELEASING = YES;
				CLANG_WARN_BOOL_CONVERSION = YES;
				CLANG_WARN_COMMA = YES;
				CLANG_WARN_CONSTANT_CONVERSION = YES;
				CLANG_WARN_DEPRECATED_OBJC_IMPLEMENTATIONS = YES;
				CLANG_WARN_DIRECT_OBJC_ISA_USAGE = YES_ERROR;
				CLANG_WARN_DOCUMENTATION_COMMENTS = YES;
				CLANG_WARN_EMPTY_BODY = YES;
				CLANG_WARN_ENUM_CONVERSION = YES;
				CLANG_WARN_INFINITE_RECURSION = YES;
				CLANG_WARN_INT_CONVERSION = YES;
				CLANG_WARN_NON_LITERAL_NULL_CONVERSION = YES;
				CLANG_WARN_OBJC_IMPLICIT_RETAIN_SELF = YES;
				CLANG_WARN_OBJC_LITERAL_CONVERSION = YES;
				CLANG_WARN_OBJC_ROOT_CLASS = YES_ERROR;
				CLANG_WARN_QUOTED_INCLUDE_IN_FRAMEWORK_HEADER = YES;
				CLANG_WARN_RANGE_LOOP_ANALYSIS = YES;
				CLANG_WARN_STRICT_PROTOTYPES = YES;
				CLANG_WARN_SUSPICIOUS_MOVE = YES;
				CLANG_WARN_UNGUARDED_AVAILABILITY = YES_AGGRESSIVE;
				CLANG_WARN_UNREACHABLE_CODE = YES;
				CLANG_WARN__DUPLICATE_METHOD_MATCH = YES;
				COPY_PHASE_STRIP = NO;
				DEBUG_INFORMATION_FORMAT = "dwarf-with-dsym";
				ENABLE_NS_ASSERTIONS = NO;
				ENABLE_STRICT_OBJC_MSGSEND = YES;
				GCC_C_LANGUAGE_STANDARD = gnu11;
				GCC_NO_COMMON_BLOCKS = YES;
				GCC_WARN_64_TO_32_BIT_CONVERSION = YES;
				GCC_WARN_ABOUT_RETURN_TYPE = YES_ERROR;
				GCC_WARN_UNDECLARED_SELECTOR = YES;
				GCC_WARN_UNINITIALIZED_AUTOS = YES_AGGRESSIVE;
				GCC_WARN_UNUSED_FUNCTION = YES;
				GCC_WARN_UNUSED_VARIABLE = YES;
				IPHONEOS_DEPLOYMENT_TARGET = 16.4;
				MTL_ENABLE_DEBUG_INFO = NO;
				MTL_FAST_MATH = YES;
				SDKROOT = iphoneos;
				SWIFT_COMPILATION_MODE = wholemodule;
				SWIFT_OPTIMIZATION_LEVEL = "-O";
				VALIDATE_PRODUCT = YES;
			};
			name = Release;
		};
		AB4ABFFA2A12BFBF0073BE6F /* Debug */ = {
			isa = XCBuildConfiguration;
			buildSettings = {
				ASSETCATALOG_COMPILER_APPICON_NAME = AppIcon;
				ASSETCATALOG_COMPILER_GLOBAL_ACCENT_COLOR_NAME = AccentColor;
				CODE_SIGN_STYLE = Automatic;
				CURRENT_PROJECT_VERSION = 1;
				DEVELOPMENT_TEAM = U2HHD8L7L2;
				GENERATE_INFOPLIST_FILE = YES;
				INFOPLIST_FILE = Spoonacular/Resources/Info.plist;
				INFOPLIST_KEY_UIApplicationSupportsIndirectInputEvents = YES;
				INFOPLIST_KEY_UILaunchStoryboardName = LaunchScreen;
				INFOPLIST_KEY_UISupportedInterfaceOrientations = UIInterfaceOrientationPortrait;
				INFOPLIST_KEY_UISupportedInterfaceOrientations_iPad = "UIInterfaceOrientationLandscapeLeft UIInterfaceOrientationLandscapeRight UIInterfaceOrientationPortrait UIInterfaceOrientationPortraitUpsideDown";
				LD_RUNPATH_SEARCH_PATHS = (
					"$(inherited)",
					"@executable_path/Frameworks",
				);
				MARKETING_VERSION = 1.0;
				PRODUCT_BUNDLE_IDENTIFIER = co.gian.Spoonacular;
				PRODUCT_NAME = "$(TARGET_NAME)";
				SUPPORTED_PLATFORMS = "iphoneos iphonesimulator";
				SUPPORTS_MACCATALYST = NO;
				SUPPORTS_MAC_DESIGNED_FOR_IPHONE_IPAD = NO;
				SWIFT_EMIT_LOC_STRINGS = YES;
				SWIFT_VERSION = 5.0;
				TARGETED_DEVICE_FAMILY = "1,2";
			};
			name = Debug;
		};
		AB4ABFFB2A12BFBF0073BE6F /* Release */ = {
			isa = XCBuildConfiguration;
			buildSettings = {
				ASSETCATALOG_COMPILER_APPICON_NAME = AppIcon;
				ASSETCATALOG_COMPILER_GLOBAL_ACCENT_COLOR_NAME = AccentColor;
				CODE_SIGN_STYLE = Automatic;
				CURRENT_PROJECT_VERSION = 1;
				DEVELOPMENT_TEAM = U2HHD8L7L2;
				GENERATE_INFOPLIST_FILE = YES;
				INFOPLIST_FILE = Spoonacular/Resources/Info.plist;
				INFOPLIST_KEY_UIApplicationSupportsIndirectInputEvents = YES;
				INFOPLIST_KEY_UILaunchStoryboardName = LaunchScreen;
				INFOPLIST_KEY_UISupportedInterfaceOrientations = UIInterfaceOrientationPortrait;
				INFOPLIST_KEY_UISupportedInterfaceOrientations_iPad = "UIInterfaceOrientationLandscapeLeft UIInterfaceOrientationLandscapeRight UIInterfaceOrientationPortrait UIInterfaceOrientationPortraitUpsideDown";
				LD_RUNPATH_SEARCH_PATHS = (
					"$(inherited)",
					"@executable_path/Frameworks",
				);
				MARKETING_VERSION = 1.0;
				PRODUCT_BUNDLE_IDENTIFIER = co.gian.Spoonacular;
				PRODUCT_NAME = "$(TARGET_NAME)";
				SUPPORTED_PLATFORMS = "iphoneos iphonesimulator";
				SUPPORTS_MACCATALYST = NO;
				SUPPORTS_MAC_DESIGNED_FOR_IPHONE_IPAD = NO;
				SWIFT_EMIT_LOC_STRINGS = YES;
				SWIFT_VERSION = 5.0;
				TARGETED_DEVICE_FAMILY = "1,2";
			};
			name = Release;
		};
		AB4ABFFD2A12BFBF0073BE6F /* Debug */ = {
			isa = XCBuildConfiguration;
			buildSettings = {
				ALWAYS_EMBED_SWIFT_STANDARD_LIBRARIES = YES;
				BUNDLE_LOADER = "$(TEST_HOST)";
				CODE_SIGN_STYLE = Automatic;
				CURRENT_PROJECT_VERSION = 1;
				DEVELOPMENT_TEAM = U2HHD8L7L2;
				GENERATE_INFOPLIST_FILE = YES;
				IPHONEOS_DEPLOYMENT_TARGET = 16.4;
				MARKETING_VERSION = 1.0;
				PRODUCT_BUNDLE_IDENTIFIER = co.gian.SpoonacularTests;
				PRODUCT_NAME = "$(TARGET_NAME)";
				SWIFT_EMIT_LOC_STRINGS = NO;
				SWIFT_VERSION = 5.0;
				TARGETED_DEVICE_FAMILY = "1,2";
				TEST_HOST = "$(BUILT_PRODUCTS_DIR)/Spoonacular.app/$(BUNDLE_EXECUTABLE_FOLDER_PATH)/Spoonacular";
			};
			name = Debug;
		};
		AB4ABFFE2A12BFBF0073BE6F /* Release */ = {
			isa = XCBuildConfiguration;
			buildSettings = {
				ALWAYS_EMBED_SWIFT_STANDARD_LIBRARIES = YES;
				BUNDLE_LOADER = "$(TEST_HOST)";
				CODE_SIGN_STYLE = Automatic;
				CURRENT_PROJECT_VERSION = 1;
				DEVELOPMENT_TEAM = U2HHD8L7L2;
				GENERATE_INFOPLIST_FILE = YES;
				IPHONEOS_DEPLOYMENT_TARGET = 16.4;
				MARKETING_VERSION = 1.0;
				PRODUCT_BUNDLE_IDENTIFIER = co.gian.SpoonacularTests;
				PRODUCT_NAME = "$(TARGET_NAME)";
				SWIFT_EMIT_LOC_STRINGS = NO;
				SWIFT_VERSION = 5.0;
				TARGETED_DEVICE_FAMILY = "1,2";
				TEST_HOST = "$(BUILT_PRODUCTS_DIR)/Spoonacular.app/$(BUNDLE_EXECUTABLE_FOLDER_PATH)/Spoonacular";
			};
			name = Release;
		};
		AB4AC0002A12BFBF0073BE6F /* Debug */ = {
			isa = XCBuildConfiguration;
			buildSettings = {
				ALWAYS_EMBED_SWIFT_STANDARD_LIBRARIES = YES;
				CODE_SIGN_STYLE = Automatic;
				CURRENT_PROJECT_VERSION = 1;
				DEVELOPMENT_TEAM = U2HHD8L7L2;
				GENERATE_INFOPLIST_FILE = YES;
				MARKETING_VERSION = 1.0;
				PRODUCT_BUNDLE_IDENTIFIER = co.gian.SpoonacularUITests;
				PRODUCT_NAME = "$(TARGET_NAME)";
				SWIFT_EMIT_LOC_STRINGS = NO;
				SWIFT_VERSION = 5.0;
				TARGETED_DEVICE_FAMILY = "1,2";
				TEST_TARGET_NAME = Spoonacular;
			};
			name = Debug;
		};
		AB4AC0012A12BFBF0073BE6F /* Release */ = {
			isa = XCBuildConfiguration;
			buildSettings = {
				ALWAYS_EMBED_SWIFT_STANDARD_LIBRARIES = YES;
				CODE_SIGN_STYLE = Automatic;
				CURRENT_PROJECT_VERSION = 1;
				DEVELOPMENT_TEAM = U2HHD8L7L2;
				GENERATE_INFOPLIST_FILE = YES;
				MARKETING_VERSION = 1.0;
				PRODUCT_BUNDLE_IDENTIFIER = co.gian.SpoonacularUITests;
				PRODUCT_NAME = "$(TARGET_NAME)";
				SWIFT_EMIT_LOC_STRINGS = NO;
				SWIFT_VERSION = 5.0;
				TARGETED_DEVICE_FAMILY = "1,2";
				TEST_TARGET_NAME = Spoonacular;
			};
			name = Release;
		};
/* End XCBuildConfiguration section */

/* Begin XCConfigurationList section */
		AB4ABFCA2A12BFBE0073BE6F /* Build configuration list for PBXProject "Spoonacular" */ = {
			isa = XCConfigurationList;
			buildConfigurations = (
				AB4ABFF72A12BFBF0073BE6F /* Debug */,
				AB4ABFF82A12BFBF0073BE6F /* Release */,
			);
			defaultConfigurationIsVisible = 0;
			defaultConfigurationName = Release;
		};
		AB4ABFF92A12BFBF0073BE6F /* Build configuration list for PBXNativeTarget "Spoonacular" */ = {
			isa = XCConfigurationList;
			buildConfigurations = (
				AB4ABFFA2A12BFBF0073BE6F /* Debug */,
				AB4ABFFB2A12BFBF0073BE6F /* Release */,
			);
			defaultConfigurationIsVisible = 0;
			defaultConfigurationName = Release;
		};
		AB4ABFFC2A12BFBF0073BE6F /* Build configuration list for PBXNativeTarget "SpoonacularTests" */ = {
			isa = XCConfigurationList;
			buildConfigurations = (
				AB4ABFFD2A12BFBF0073BE6F /* Debug */,
				AB4ABFFE2A12BFBF0073BE6F /* Release */,
			);
			defaultConfigurationIsVisible = 0;
			defaultConfigurationName = Release;
		};
		AB4ABFFF2A12BFBF0073BE6F /* Build configuration list for PBXNativeTarget "SpoonacularUITests" */ = {
			isa = XCConfigurationList;
			buildConfigurations = (
				AB4AC0002A12BFBF0073BE6F /* Debug */,
				AB4AC0012A12BFBF0073BE6F /* Release */,
			);
			defaultConfigurationIsVisible = 0;
			defaultConfigurationName = Release;
		};
/* End XCConfigurationList section */
	};
	rootObject = AB4ABFC72A12BFBE0073BE6F /* Project object */;
}
